// !$*UTF8*$!
{
	archiveVersion = 1;
	classes = {
	};
	objectVersion = 48;
	objects = {

/* Begin PBXBuildFile section */
		F011743C1FB3F9A000310E98 /* Token.swift in Sources */ = {isa = PBXBuildFile; fileRef = F011743B1FB3F9A000310E98 /* Token.swift */; };
		F011743D1FB3F9A000310E98 /* Token.swift in Sources */ = {isa = PBXBuildFile; fileRef = F011743B1FB3F9A000310E98 /* Token.swift */; };
		F03992791FB3BB1800A76CB7 /* Token.framework in Frameworks */ = {isa = PBXBuildFile; fileRef = F039926F1FB3BB1700A76CB7 /* Token.framework */; };
		F03992801FB3BB1800A76CB7 /* Token.h in Headers */ = {isa = PBXBuildFile; fileRef = F03992721FB3BB1700A76CB7 /* Token.h */; settings = {ATTRIBUTES = (Public, ); }; };
		F03992971FB3BB4700A76CB7 /* Token.framework in Frameworks */ = {isa = PBXBuildFile; fileRef = F039928E1FB3BB4700A76CB7 /* Token.framework */; };
		F039929E1FB3BB4700A76CB7 /* TokenMobile.h in Headers */ = {isa = PBXBuildFile; fileRef = F03992901FB3BB4700A76CB7 /* TokenMobile.h */; settings = {ATTRIBUTES = (Public, ); }; };
		F03992AD1FB3BD3300A76CB7 /* Store.swift in Sources */ = {isa = PBXBuildFile; fileRef = F03992AC1FB3BD3300A76CB7 /* Store.swift */; };
		F03992AE1FB3BD3300A76CB7 /* Store.swift in Sources */ = {isa = PBXBuildFile; fileRef = F03992AC1FB3BD3300A76CB7 /* Store.swift */; };
		F03992B01FB3BD6900A76CB7 /* Reducer.swift in Sources */ = {isa = PBXBuildFile; fileRef = F03992AF1FB3BD6900A76CB7 /* Reducer.swift */; };
		F03992B11FB3BD6900A76CB7 /* Reducer.swift in Sources */ = {isa = PBXBuildFile; fileRef = F03992AF1FB3BD6900A76CB7 /* Reducer.swift */; };
		F03992B31FB3BD8500A76CB7 /* State.swift in Sources */ = {isa = PBXBuildFile; fileRef = F03992B21FB3BD8500A76CB7 /* State.swift */; };
		F03992B41FB3BD8500A76CB7 /* State.swift in Sources */ = {isa = PBXBuildFile; fileRef = F03992B21FB3BD8500A76CB7 /* State.swift */; };
		F03992B61FB3BDC700A76CB7 /* Action.swift in Sources */ = {isa = PBXBuildFile; fileRef = F03992B51FB3BDC700A76CB7 /* Action.swift */; };
		F03992B71FB3BDC700A76CB7 /* Action.swift in Sources */ = {isa = PBXBuildFile; fileRef = F03992B51FB3BDC700A76CB7 /* Action.swift */; };
		F03992B91FB3BE7900A76CB7 /* Middleware.swift in Sources */ = {isa = PBXBuildFile; fileRef = F03992B81FB3BE7900A76CB7 /* Middleware.swift */; };
		F03992BA1FB3BE7900A76CB7 /* Middleware.swift in Sources */ = {isa = PBXBuildFile; fileRef = F03992B81FB3BE7900A76CB7 /* Middleware.swift */; };
		F03992BC1FB3BF7100A76CB7 /* Subscriber.swift in Sources */ = {isa = PBXBuildFile; fileRef = F03992BB1FB3BF7100A76CB7 /* Subscriber.swift */; };
		F03992BD1FB3BF7100A76CB7 /* Subscriber.swift in Sources */ = {isa = PBXBuildFile; fileRef = F03992BB1FB3BF7100A76CB7 /* Subscriber.swift */; };
		F03992C21FB3C0E200A76CB7 /* ActionCreator.swift in Sources */ = {isa = PBXBuildFile; fileRef = F03992C11FB3C0E200A76CB7 /* ActionCreator.swift */; };
		F03992C31FB3C0E200A76CB7 /* ActionCreator.swift in Sources */ = {isa = PBXBuildFile; fileRef = F03992C11FB3C0E200A76CB7 /* ActionCreator.swift */; };
/* End PBXBuildFile section */

/* Begin PBXContainerItemProxy section */
		F039927A1FB3BB1800A76CB7 /* PBXContainerItemProxy */ = {
			isa = PBXContainerItemProxy;
			containerPortal = F03992661FB3BB1700A76CB7 /* Project object */;
			proxyType = 1;
			remoteGlobalIDString = F039926E1FB3BB1700A76CB7;
			remoteInfo = Token;
		};
		F03992981FB3BB4700A76CB7 /* PBXContainerItemProxy */ = {
			isa = PBXContainerItemProxy;
			containerPortal = F03992661FB3BB1700A76CB7 /* Project object */;
			proxyType = 1;
			remoteGlobalIDString = F039928D1FB3BB4700A76CB7;
			remoteInfo = TokenMobile;
		};
/* End PBXContainerItemProxy section */

/* Begin PBXFileReference section */
		F011743B1FB3F9A000310E98 /* Token.swift */ = {isa = PBXFileReference; lastKnownFileType = sourcecode.swift; path = Token.swift; sourceTree = "<group>"; };
		F039926F1FB3BB1700A76CB7 /* Token.framework */ = {isa = PBXFileReference; explicitFileType = wrapper.framework; includeInIndex = 0; path = Token.framework; sourceTree = BUILT_PRODUCTS_DIR; };
		F03992721FB3BB1700A76CB7 /* Token.h */ = {isa = PBXFileReference; lastKnownFileType = sourcecode.c.h; path = Token.h; sourceTree = "<group>"; };
		F03992731FB3BB1700A76CB7 /* Info.plist */ = {isa = PBXFileReference; lastKnownFileType = text.plist.xml; path = Info.plist; sourceTree = "<group>"; };
		F03992781FB3BB1800A76CB7 /* TokenTests.xctest */ = {isa = PBXFileReference; explicitFileType = wrapper.cfbundle; includeInIndex = 0; path = TokenTests.xctest; sourceTree = BUILT_PRODUCTS_DIR; };
		F039927F1FB3BB1800A76CB7 /* Info.plist */ = {isa = PBXFileReference; lastKnownFileType = text.plist.xml; path = Info.plist; sourceTree = "<group>"; };
		F039928E1FB3BB4700A76CB7 /* Token.framework */ = {isa = PBXFileReference; explicitFileType = wrapper.framework; includeInIndex = 0; path = Token.framework; sourceTree = BUILT_PRODUCTS_DIR; };
		F03992901FB3BB4700A76CB7 /* TokenMobile.h */ = {isa = PBXFileReference; lastKnownFileType = sourcecode.c.h; path = TokenMobile.h; sourceTree = "<group>"; };
		F03992911FB3BB4700A76CB7 /* Info.plist */ = {isa = PBXFileReference; lastKnownFileType = text.plist.xml; path = Info.plist; sourceTree = "<group>"; };
		F03992961FB3BB4700A76CB7 /* TokenMobileTests.xctest */ = {isa = PBXFileReference; explicitFileType = wrapper.cfbundle; includeInIndex = 0; path = TokenMobileTests.xctest; sourceTree = BUILT_PRODUCTS_DIR; };
		F039929D1FB3BB4700A76CB7 /* Info.plist */ = {isa = PBXFileReference; lastKnownFileType = text.plist.xml; path = Info.plist; sourceTree = "<group>"; };
		F03992AA1FB3BC7900A76CB7 /* README.md */ = {isa = PBXFileReference; fileEncoding = 4; lastKnownFileType = net.daringfireball.markdown; path = README.md; sourceTree = SOURCE_ROOT; };
		F03992AC1FB3BD3300A76CB7 /* Store.swift */ = {isa = PBXFileReference; lastKnownFileType = sourcecode.swift; path = Store.swift; sourceTree = "<group>"; };
		F03992AF1FB3BD6900A76CB7 /* Reducer.swift */ = {isa = PBXFileReference; lastKnownFileType = sourcecode.swift; path = Reducer.swift; sourceTree = "<group>"; };
		F03992B21FB3BD8500A76CB7 /* State.swift */ = {isa = PBXFileReference; lastKnownFileType = sourcecode.swift; path = State.swift; sourceTree = "<group>"; };
		F03992B51FB3BDC700A76CB7 /* Action.swift */ = {isa = PBXFileReference; lastKnownFileType = sourcecode.swift; path = Action.swift; sourceTree = "<group>"; };
		F03992B81FB3BE7900A76CB7 /* Middleware.swift */ = {isa = PBXFileReference; lastKnownFileType = sourcecode.swift; path = Middleware.swift; sourceTree = "<group>"; };
		F03992BB1FB3BF7100A76CB7 /* Subscriber.swift */ = {isa = PBXFileReference; lastKnownFileType = sourcecode.swift; path = Subscriber.swift; sourceTree = "<group>"; };
		F03992C11FB3C0E200A76CB7 /* ActionCreator.swift */ = {isa = PBXFileReference; lastKnownFileType = sourcecode.swift; path = ActionCreator.swift; sourceTree = "<group>"; };
/* End PBXFileReference section */

/* Begin PBXFrameworksBuildPhase section */
		F039926B1FB3BB1700A76CB7 /* Frameworks */ = {
			isa = PBXFrameworksBuildPhase;
			buildActionMask = 2147483647;
			files = (
			);
			runOnlyForDeploymentPostprocessing = 0;
		};
		F03992751FB3BB1800A76CB7 /* Frameworks */ = {
			isa = PBXFrameworksBuildPhase;
			buildActionMask = 2147483647;
			files = (
				F03992791FB3BB1800A76CB7 /* Token.framework in Frameworks */,
			);
			runOnlyForDeploymentPostprocessing = 0;
		};
		F039928A1FB3BB4700A76CB7 /* Frameworks */ = {
			isa = PBXFrameworksBuildPhase;
			buildActionMask = 2147483647;
			files = (
			);
			runOnlyForDeploymentPostprocessing = 0;
		};
		F03992931FB3BB4700A76CB7 /* Frameworks */ = {
			isa = PBXFrameworksBuildPhase;
			buildActionMask = 2147483647;
			files = (
				F03992971FB3BB4700A76CB7 /* Token.framework in Frameworks */,
			);
			runOnlyForDeploymentPostprocessing = 0;
		};
/* End PBXFrameworksBuildPhase section */

/* Begin PBXGroup section */
		F03992651FB3BB1700A76CB7 = {
			isa = PBXGroup;
			children = (
				F03992A51FB3BB6100A76CB7 /* TokenShared */,
				F03992711FB3BB1700A76CB7 /* Token */,
				F039928F1FB3BB4700A76CB7 /* TokenMobile */,
				F03992A61FB3BB7E00A76CB7 /* TokenTestsShared */,
				F039927C1FB3BB1800A76CB7 /* TokenTests */,
				F039929A1FB3BB4700A76CB7 /* TokenMobileTests */,
				F03992701FB3BB1700A76CB7 /* Products */,
			);
			sourceTree = "<group>";
		};
		F03992701FB3BB1700A76CB7 /* Products */ = {
			isa = PBXGroup;
			children = (
				F039926F1FB3BB1700A76CB7 /* Token.framework */,
				F03992781FB3BB1800A76CB7 /* TokenTests.xctest */,
				F039928E1FB3BB4700A76CB7 /* Token.framework */,
				F03992961FB3BB4700A76CB7 /* TokenMobileTests.xctest */,
			);
			name = Products;
			sourceTree = "<group>";
		};
		F03992711FB3BB1700A76CB7 /* Token */ = {
			isa = PBXGroup;
			children = (
				F03992A71FB3BC0D00A76CB7 /* Supporting Files */,
			);
			path = Token;
			sourceTree = "<group>";
		};
		F039927C1FB3BB1800A76CB7 /* TokenTests */ = {
			isa = PBXGroup;
			children = (
				F039927F1FB3BB1800A76CB7 /* Info.plist */,
			);
			path = TokenTests;
			sourceTree = "<group>";
		};
		F039928F1FB3BB4700A76CB7 /* TokenMobile */ = {
			isa = PBXGroup;
			children = (
				F03992A81FB3BC1A00A76CB7 /* Supporting Files */,
			);
			path = TokenMobile;
			sourceTree = "<group>";
		};
		F039929A1FB3BB4700A76CB7 /* TokenMobileTests */ = {
			isa = PBXGroup;
			children = (
				F039929D1FB3BB4700A76CB7 /* Info.plist */,
			);
			path = TokenMobileTests;
			sourceTree = "<group>";
		};
		F03992A51FB3BB6100A76CB7 /* TokenShared */ = {
			isa = PBXGroup;
			children = (
				F011743B1FB3F9A000310E98 /* Token.swift */,
				F03992BE1FB3C02200A76CB7 /* Protocols */,
				F03992A91FB3BC4F00A76CB7 /* Supporting Files */,
			);
			path = TokenShared;
			sourceTree = "<group>";
		};
		F03992A61FB3BB7E00A76CB7 /* TokenTestsShared */ = {
			isa = PBXGroup;
			children = (
			);
			path = TokenTestsShared;
			sourceTree = "<group>";
		};
		F03992A71FB3BC0D00A76CB7 /* Supporting Files */ = {
			isa = PBXGroup;
			children = (
				F03992721FB3BB1700A76CB7 /* Token.h */,
				F03992731FB3BB1700A76CB7 /* Info.plist */,
			);
			name = "Supporting Files";
			sourceTree = "<group>";
		};
		F03992A81FB3BC1A00A76CB7 /* Supporting Files */ = {
			isa = PBXGroup;
			children = (
				F03992901FB3BB4700A76CB7 /* TokenMobile.h */,
				F03992911FB3BB4700A76CB7 /* Info.plist */,
			);
			name = "Supporting Files";
			sourceTree = "<group>";
		};
		F03992A91FB3BC4F00A76CB7 /* Supporting Files */ = {
			isa = PBXGroup;
			children = (
				F03992AA1FB3BC7900A76CB7 /* README.md */,
			);
			name = "Supporting Files";
			sourceTree = "<group>";
		};
		F03992BE1FB3C02200A76CB7 /* Protocols */ = {
			isa = PBXGroup;
			children = (
				F03992B51FB3BDC700A76CB7 /* Action.swift */,
				F03992C11FB3C0E200A76CB7 /* ActionCreator.swift */,
				F03992AF1FB3BD6900A76CB7 /* Reducer.swift */,
				F03992B21FB3BD8500A76CB7 /* State.swift */,
				F03992AC1FB3BD3300A76CB7 /* Store.swift */,
				F03992BB1FB3BF7100A76CB7 /* Subscriber.swift */,
				F03992B81FB3BE7900A76CB7 /* Middleware.swift */,
			);
			name = Protocols;
			sourceTree = "<group>";
		};
/* End PBXGroup section */

/* Begin PBXHeadersBuildPhase section */
		F039926C1FB3BB1700A76CB7 /* Headers */ = {
			isa = PBXHeadersBuildPhase;
			buildActionMask = 2147483647;
			files = (
				F03992801FB3BB1800A76CB7 /* Token.h in Headers */,
			);
			runOnlyForDeploymentPostprocessing = 0;
		};
		F039928B1FB3BB4700A76CB7 /* Headers */ = {
			isa = PBXHeadersBuildPhase;
			buildActionMask = 2147483647;
			files = (
				F039929E1FB3BB4700A76CB7 /* TokenMobile.h in Headers */,
			);
			runOnlyForDeploymentPostprocessing = 0;
		};
/* End PBXHeadersBuildPhase section */

/* Begin PBXNativeTarget section */
		F039926E1FB3BB1700A76CB7 /* Token */ = {
			isa = PBXNativeTarget;
			buildConfigurationList = F03992831FB3BB1800A76CB7 /* Build configuration list for PBXNativeTarget "Token" */;
			buildPhases = (
				F039926A1FB3BB1700A76CB7 /* Sources */,
				F039926B1FB3BB1700A76CB7 /* Frameworks */,
				F039926C1FB3BB1700A76CB7 /* Headers */,
				F039926D1FB3BB1700A76CB7 /* Resources */,
			);
			buildRules = (
			);
			dependencies = (
			);
			name = Token;
			productName = Token;
			productReference = F039926F1FB3BB1700A76CB7 /* Token.framework */;
			productType = "com.apple.product-type.framework";
		};
		F03992771FB3BB1800A76CB7 /* TokenTests */ = {
			isa = PBXNativeTarget;
			buildConfigurationList = F03992861FB3BB1800A76CB7 /* Build configuration list for PBXNativeTarget "TokenTests" */;
			buildPhases = (
				F03992741FB3BB1800A76CB7 /* Sources */,
				F03992751FB3BB1800A76CB7 /* Frameworks */,
				F03992761FB3BB1800A76CB7 /* Resources */,
			);
			buildRules = (
			);
			dependencies = (
				F039927B1FB3BB1800A76CB7 /* PBXTargetDependency */,
			);
			name = TokenTests;
			productName = TokenTests;
			productReference = F03992781FB3BB1800A76CB7 /* TokenTests.xctest */;
			productType = "com.apple.product-type.bundle.unit-test";
		};
		F039928D1FB3BB4700A76CB7 /* TokenMobile */ = {
			isa = PBXNativeTarget;
			buildConfigurationList = F039929F1FB3BB4700A76CB7 /* Build configuration list for PBXNativeTarget "TokenMobile" */;
			buildPhases = (
				F03992891FB3BB4700A76CB7 /* Sources */,
				F039928A1FB3BB4700A76CB7 /* Frameworks */,
				F039928B1FB3BB4700A76CB7 /* Headers */,
				F039928C1FB3BB4700A76CB7 /* Resources */,
			);
			buildRules = (
			);
			dependencies = (
			);
			name = TokenMobile;
			productName = TokenMobile;
			productReference = F039928E1FB3BB4700A76CB7 /* Token.framework */;
			productType = "com.apple.product-type.framework";
		};
		F03992951FB3BB4700A76CB7 /* TokenMobileTests */ = {
			isa = PBXNativeTarget;
			buildConfigurationList = F03992A21FB3BB4700A76CB7 /* Build configuration list for PBXNativeTarget "TokenMobileTests" */;
			buildPhases = (
				F03992921FB3BB4700A76CB7 /* Sources */,
				F03992931FB3BB4700A76CB7 /* Frameworks */,
				F03992941FB3BB4700A76CB7 /* Resources */,
			);
			buildRules = (
			);
			dependencies = (
				F03992991FB3BB4700A76CB7 /* PBXTargetDependency */,
			);
			name = TokenMobileTests;
			productName = TokenMobileTests;
			productReference = F03992961FB3BB4700A76CB7 /* TokenMobileTests.xctest */;
			productType = "com.apple.product-type.bundle.unit-test";
		};
/* End PBXNativeTarget section */

/* Begin PBXProject section */
		F03992661FB3BB1700A76CB7 /* Project object */ = {
			isa = PBXProject;
			attributes = {
				LastSwiftUpdateCheck = 0910;
				LastUpgradeCheck = 0910;
				ORGANIZATIONNAME = "Aaron Wright";
				TargetAttributes = {
					F039926E1FB3BB1700A76CB7 = {
						CreatedOnToolsVersion = 9.1;
						LastSwiftMigration = 0910;
						ProvisioningStyle = Automatic;
					};
					F03992771FB3BB1800A76CB7 = {
						CreatedOnToolsVersion = 9.1;
						ProvisioningStyle = Automatic;
					};
					F039928D1FB3BB4700A76CB7 = {
						CreatedOnToolsVersion = 9.1;
						LastSwiftMigration = 0910;
						ProvisioningStyle = Automatic;
					};
					F03992951FB3BB4700A76CB7 = {
						CreatedOnToolsVersion = 9.1;
						ProvisioningStyle = Automatic;
					};
				};
			};
			buildConfigurationList = F03992691FB3BB1700A76CB7 /* Build configuration list for PBXProject "Token" */;
			compatibilityVersion = "Xcode 8.0";
			developmentRegion = en;
			hasScannedForEncodings = 0;
			knownRegions = (
				en,
			);
			mainGroup = F03992651FB3BB1700A76CB7;
			productRefGroup = F03992701FB3BB1700A76CB7 /* Products */;
			projectDirPath = "";
			projectRoot = "";
			targets = (
				F039926E1FB3BB1700A76CB7 /* Token */,
				F03992771FB3BB1800A76CB7 /* TokenTests */,
				F039928D1FB3BB4700A76CB7 /* TokenMobile */,
				F03992951FB3BB4700A76CB7 /* TokenMobileTests */,
			);
		};
/* End PBXProject section */

/* Begin PBXResourcesBuildPhase section */
		F039926D1FB3BB1700A76CB7 /* Resources */ = {
			isa = PBXResourcesBuildPhase;
			buildActionMask = 2147483647;
			files = (
			);
			runOnlyForDeploymentPostprocessing = 0;
		};
		F03992761FB3BB1800A76CB7 /* Resources */ = {
			isa = PBXResourcesBuildPhase;
			buildActionMask = 2147483647;
			files = (
			);
			runOnlyForDeploymentPostprocessing = 0;
		};
		F039928C1FB3BB4700A76CB7 /* Resources */ = {
			isa = PBXResourcesBuildPhase;
			buildActionMask = 2147483647;
			files = (
			);
			runOnlyForDeploymentPostprocessing = 0;
		};
		F03992941FB3BB4700A76CB7 /* Resources */ = {
			isa = PBXResourcesBuildPhase;
			buildActionMask = 2147483647;
			files = (
			);
			runOnlyForDeploymentPostprocessing = 0;
		};
/* End PBXResourcesBuildPhase section */

/* Begin PBXSourcesBuildPhase section */
		F039926A1FB3BB1700A76CB7 /* Sources */ = {
			isa = PBXSourcesBuildPhase;
			buildActionMask = 2147483647;
			files = (
				F03992B91FB3BE7900A76CB7 /* Middleware.swift in Sources */,
				F03992B31FB3BD8500A76CB7 /* State.swift in Sources */,
				F03992B61FB3BDC700A76CB7 /* Action.swift in Sources */,
				F03992BC1FB3BF7100A76CB7 /* Subscriber.swift in Sources */,
				F03992C21FB3C0E200A76CB7 /* ActionCreator.swift in Sources */,
				F03992B01FB3BD6900A76CB7 /* Reducer.swift in Sources */,
				F03992AD1FB3BD3300A76CB7 /* Store.swift in Sources */,
				F011743C1FB3F9A000310E98 /* Token.swift in Sources */,
			);
			runOnlyForDeploymentPostprocessing = 0;
		};
		F03992741FB3BB1800A76CB7 /* Sources */ = {
			isa = PBXSourcesBuildPhase;
			buildActionMask = 2147483647;
			files = (
			);
			runOnlyForDeploymentPostprocessing = 0;
		};
		F03992891FB3BB4700A76CB7 /* Sources */ = {
			isa = PBXSourcesBuildPhase;
			buildActionMask = 2147483647;
			files = (
				F03992BA1FB3BE7900A76CB7 /* Middleware.swift in Sources */,
				F03992B41FB3BD8500A76CB7 /* State.swift in Sources */,
				F03992B71FB3BDC700A76CB7 /* Action.swift in Sources */,
				F03992BD1FB3BF7100A76CB7 /* Subscriber.swift in Sources */,
				F03992C31FB3C0E200A76CB7 /* ActionCreator.swift in Sources */,
				F03992B11FB3BD6900A76CB7 /* Reducer.swift in Sources */,
				F03992AE1FB3BD3300A76CB7 /* Store.swift in Sources */,
				F011743D1FB3F9A000310E98 /* Token.swift in Sources */,
			);
			runOnlyForDeploymentPostprocessing = 0;
		};
		F03992921FB3BB4700A76CB7 /* Sources */ = {
			isa = PBXSourcesBuildPhase;
			buildActionMask = 2147483647;
			files = (
			);
			runOnlyForDeploymentPostprocessing = 0;
		};
/* End PBXSourcesBuildPhase section */

/* Begin PBXTargetDependency section */
		F039927B1FB3BB1800A76CB7 /* PBXTargetDependency */ = {
			isa = PBXTargetDependency;
			target = F039926E1FB3BB1700A76CB7 /* Token */;
			targetProxy = F039927A1FB3BB1800A76CB7 /* PBXContainerItemProxy */;
		};
		F03992991FB3BB4700A76CB7 /* PBXTargetDependency */ = {
			isa = PBXTargetDependency;
			target = F039928D1FB3BB4700A76CB7 /* TokenMobile */;
			targetProxy = F03992981FB3BB4700A76CB7 /* PBXContainerItemProxy */;
		};
/* End PBXTargetDependency section */

/* Begin XCBuildConfiguration section */
		F03992811FB3BB1800A76CB7 /* Debug */ = {
			isa = XCBuildConfiguration;
			buildSettings = {
				ALWAYS_SEARCH_USER_PATHS = NO;
				CLANG_ANALYZER_NONNULL = YES;
				CLANG_ANALYZER_NUMBER_OBJECT_CONVERSION = YES_AGGRESSIVE;
				CLANG_CXX_LANGUAGE_STANDARD = "gnu++14";
				CLANG_CXX_LIBRARY = "libc++";
				CLANG_ENABLE_MODULES = YES;
				CLANG_ENABLE_OBJC_ARC = YES;
				CLANG_WARN_BLOCK_CAPTURE_AUTORELEASING = YES;
				CLANG_WARN_BOOL_CONVERSION = YES;
				CLANG_WARN_COMMA = YES;
				CLANG_WARN_CONSTANT_CONVERSION = YES;
				CLANG_WARN_DIRECT_OBJC_ISA_USAGE = YES_ERROR;
				CLANG_WARN_DOCUMENTATION_COMMENTS = YES;
				CLANG_WARN_EMPTY_BODY = YES;
				CLANG_WARN_ENUM_CONVERSION = YES;
				CLANG_WARN_INFINITE_RECURSION = YES;
				CLANG_WARN_INT_CONVERSION = YES;
				CLANG_WARN_NON_LITERAL_NULL_CONVERSION = YES;
				CLANG_WARN_OBJC_LITERAL_CONVERSION = YES;
				CLANG_WARN_OBJC_ROOT_CLASS = YES_ERROR;
				CLANG_WARN_RANGE_LOOP_ANALYSIS = YES;
				CLANG_WARN_STRICT_PROTOTYPES = YES;
				CLANG_WARN_SUSPICIOUS_MOVE = YES;
				CLANG_WARN_UNGUARDED_AVAILABILITY = YES_AGGRESSIVE;
				CLANG_WARN_UNREACHABLE_CODE = YES;
				CLANG_WARN__DUPLICATE_METHOD_MATCH = YES;
				CODE_SIGN_IDENTITY = "Mac Developer";
				COPY_PHASE_STRIP = NO;
				CURRENT_PROJECT_VERSION = 1;
				DEBUG_INFORMATION_FORMAT = dwarf;
				ENABLE_STRICT_OBJC_MSGSEND = YES;
				ENABLE_TESTABILITY = YES;
				GCC_C_LANGUAGE_STANDARD = gnu11;
				GCC_DYNAMIC_NO_PIC = NO;
				GCC_NO_COMMON_BLOCKS = YES;
				GCC_OPTIMIZATION_LEVEL = 0;
				GCC_PREPROCESSOR_DEFINITIONS = (
					"DEBUG=1",
					"$(inherited)",
				);
				GCC_WARN_64_TO_32_BIT_CONVERSION = YES;
				GCC_WARN_ABOUT_RETURN_TYPE = YES_ERROR;
				GCC_WARN_UNDECLARED_SELECTOR = YES;
				GCC_WARN_UNINITIALIZED_AUTOS = YES_AGGRESSIVE;
				GCC_WARN_UNUSED_FUNCTION = YES;
				GCC_WARN_UNUSED_VARIABLE = YES;
				MACOSX_DEPLOYMENT_TARGET = 10.13;
				MTL_ENABLE_DEBUG_INFO = YES;
				ONLY_ACTIVE_ARCH = YES;
				SDKROOT = macosx;
				SWIFT_ACTIVE_COMPILATION_CONDITIONS = DEBUG;
				SWIFT_OPTIMIZATION_LEVEL = "-Onone";
				VERSIONING_SYSTEM = "apple-generic";
				VERSION_INFO_PREFIX = "";
			};
			name = Debug;
		};
		F03992821FB3BB1800A76CB7 /* Release */ = {
			isa = XCBuildConfiguration;
			buildSettings = {
				ALWAYS_SEARCH_USER_PATHS = NO;
				CLANG_ANALYZER_NONNULL = YES;
				CLANG_ANALYZER_NUMBER_OBJECT_CONVERSION = YES_AGGRESSIVE;
				CLANG_CXX_LANGUAGE_STANDARD = "gnu++14";
				CLANG_CXX_LIBRARY = "libc++";
				CLANG_ENABLE_MODULES = YES;
				CLANG_ENABLE_OBJC_ARC = YES;
				CLANG_WARN_BLOCK_CAPTURE_AUTORELEASING = YES;
				CLANG_WARN_BOOL_CONVERSION = YES;
				CLANG_WARN_COMMA = YES;
				CLANG_WARN_CONSTANT_CONVERSION = YES;
				CLANG_WARN_DIRECT_OBJC_ISA_USAGE = YES_ERROR;
				CLANG_WARN_DOCUMENTATION_COMMENTS = YES;
				CLANG_WARN_EMPTY_BODY = YES;
				CLANG_WARN_ENUM_CONVERSION = YES;
				CLANG_WARN_INFINITE_RECURSION = YES;
				CLANG_WARN_INT_CONVERSION = YES;
				CLANG_WARN_NON_LITERAL_NULL_CONVERSION = YES;
				CLANG_WARN_OBJC_LITERAL_CONVERSION = YES;
				CLANG_WARN_OBJC_ROOT_CLASS = YES_ERROR;
				CLANG_WARN_RANGE_LOOP_ANALYSIS = YES;
				CLANG_WARN_STRICT_PROTOTYPES = YES;
				CLANG_WARN_SUSPICIOUS_MOVE = YES;
				CLANG_WARN_UNGUARDED_AVAILABILITY = YES_AGGRESSIVE;
				CLANG_WARN_UNREACHABLE_CODE = YES;
				CLANG_WARN__DUPLICATE_METHOD_MATCH = YES;
				CODE_SIGN_IDENTITY = "Mac Developer";
				COPY_PHASE_STRIP = NO;
				CURRENT_PROJECT_VERSION = 1;
				DEBUG_INFORMATION_FORMAT = "dwarf-with-dsym";
				ENABLE_NS_ASSERTIONS = NO;
				ENABLE_STRICT_OBJC_MSGSEND = YES;
				GCC_C_LANGUAGE_STANDARD = gnu11;
				GCC_NO_COMMON_BLOCKS = YES;
				GCC_WARN_64_TO_32_BIT_CONVERSION = YES;
				GCC_WARN_ABOUT_RETURN_TYPE = YES_ERROR;
				GCC_WARN_UNDECLARED_SELECTOR = YES;
				GCC_WARN_UNINITIALIZED_AUTOS = YES_AGGRESSIVE;
				GCC_WARN_UNUSED_FUNCTION = YES;
				GCC_WARN_UNUSED_VARIABLE = YES;
				MACOSX_DEPLOYMENT_TARGET = 10.13;
				MTL_ENABLE_DEBUG_INFO = NO;
				SDKROOT = macosx;
				SWIFT_OPTIMIZATION_LEVEL = "-Owholemodule";
				VERSIONING_SYSTEM = "apple-generic";
				VERSION_INFO_PREFIX = "";
			};
			name = Release;
		};
		F03992841FB3BB1800A76CB7 /* Debug */ = {
			isa = XCBuildConfiguration;
			buildSettings = {
				CLANG_ENABLE_MODULES = YES;
				CODE_SIGN_IDENTITY = "";
				CODE_SIGN_STYLE = Automatic;
				COMBINE_HIDPI_IMAGES = YES;
				DEFINES_MODULE = YES;
				DEVELOPMENT_TEAM = RLF8EEWY2Z;
				DYLIB_COMPATIBILITY_VERSION = 1;
				DYLIB_CURRENT_VERSION = 1;
				DYLIB_INSTALL_NAME_BASE = "@rpath";
				FRAMEWORK_VERSION = A;
				INFOPLIST_FILE = Token/Info.plist;
				INSTALL_PATH = "$(LOCAL_LIBRARY_DIR)/Frameworks";
				LD_RUNPATH_SEARCH_PATHS = "$(inherited) @executable_path/../Frameworks @loader_path/Frameworks";
				PRODUCT_BUNDLE_IDENTIFIER = com.acwrightdesign.Token;
				PRODUCT_NAME = "$(TARGET_NAME:c99extidentifier)";
				SKIP_INSTALL = YES;
				SWIFT_OPTIMIZATION_LEVEL = "-Onone";
				SWIFT_VERSION = 4.0;
			};
			name = Debug;
		};
		F03992851FB3BB1800A76CB7 /* Release */ = {
			isa = XCBuildConfiguration;
			buildSettings = {
				CLANG_ENABLE_MODULES = YES;
				CODE_SIGN_IDENTITY = "";
				CODE_SIGN_STYLE = Automatic;
				COMBINE_HIDPI_IMAGES = YES;
				DEFINES_MODULE = YES;
				DEVELOPMENT_TEAM = RLF8EEWY2Z;
				DYLIB_COMPATIBILITY_VERSION = 1;
				DYLIB_CURRENT_VERSION = 1;
				DYLIB_INSTALL_NAME_BASE = "@rpath";
				FRAMEWORK_VERSION = A;
				INFOPLIST_FILE = Token/Info.plist;
				INSTALL_PATH = "$(LOCAL_LIBRARY_DIR)/Frameworks";
				LD_RUNPATH_SEARCH_PATHS = "$(inherited) @executable_path/../Frameworks @loader_path/Frameworks";
				PRODUCT_BUNDLE_IDENTIFIER = com.acwrightdesign.Token;
				PRODUCT_NAME = "$(TARGET_NAME:c99extidentifier)";
				SKIP_INSTALL = YES;
				SWIFT_VERSION = 4.0;
			};
			name = Release;
		};
		F03992871FB3BB1800A76CB7 /* Debug */ = {
			isa = XCBuildConfiguration;
			buildSettings = {
				ALWAYS_EMBED_SWIFT_STANDARD_LIBRARIES = YES;
				CODE_SIGN_STYLE = Automatic;
				COMBINE_HIDPI_IMAGES = YES;
				DEVELOPMENT_TEAM = RLF8EEWY2Z;
				INFOPLIST_FILE = TokenTests/Info.plist;
				LD_RUNPATH_SEARCH_PATHS = "$(inherited) @executable_path/../Frameworks @loader_path/../Frameworks";
				PRODUCT_BUNDLE_IDENTIFIER = com.acwrightdesign.TokenTests;
				PRODUCT_NAME = "$(TARGET_NAME)";
				SWIFT_VERSION = 4.0;
			};
			name = Debug;
		};
		F03992881FB3BB1800A76CB7 /* Release */ = {
			isa = XCBuildConfiguration;
			buildSettings = {
				ALWAYS_EMBED_SWIFT_STANDARD_LIBRARIES = YES;
				CODE_SIGN_STYLE = Automatic;
				COMBINE_HIDPI_IMAGES = YES;
				DEVELOPMENT_TEAM = RLF8EEWY2Z;
				INFOPLIST_FILE = TokenTests/Info.plist;
				LD_RUNPATH_SEARCH_PATHS = "$(inherited) @executable_path/../Frameworks @loader_path/../Frameworks";
				PRODUCT_BUNDLE_IDENTIFIER = com.acwrightdesign.TokenTests;
				PRODUCT_NAME = "$(TARGET_NAME)";
				SWIFT_VERSION = 4.0;
			};
			name = Release;
		};
		F03992A01FB3BB4700A76CB7 /* Debug */ = {
			isa = XCBuildConfiguration;
			buildSettings = {
				APPLICATION_EXTENSION_API_ONLY = NO;
				CLANG_ENABLE_MODULES = YES;
				CODE_SIGN_IDENTITY = "iPhone Developer";
				CODE_SIGN_STYLE = Automatic;
				DEFINES_MODULE = YES;
				DEVELOPMENT_TEAM = RLF8EEWY2Z;
				DYLIB_COMPATIBILITY_VERSION = 1;
				DYLIB_CURRENT_VERSION = 1;
				DYLIB_INSTALL_NAME_BASE = "@rpath";
				INFOPLIST_FILE = TokenMobile/Info.plist;
				INSTALL_PATH = "$(LOCAL_LIBRARY_DIR)/Frameworks";
				IPHONEOS_DEPLOYMENT_TARGET = 11.0;
				LD_RUNPATH_SEARCH_PATHS = "$(inherited) @executable_path/Frameworks @loader_path/Frameworks";
				PRODUCT_BUNDLE_IDENTIFIER = com.acwrightdesign.TokenMobile;
				PRODUCT_NAME = Token;
				SDKROOT = iphoneos;
				SKIP_INSTALL = YES;
				SWIFT_OPTIMIZATION_LEVEL = "-Onone";
				SWIFT_VERSION = 4.0;
				TARGETED_DEVICE_FAMILY = "1,2";
			};
			name = Debug;
		};
		F03992A11FB3BB4700A76CB7 /* Release */ = {
			isa = XCBuildConfiguration;
			buildSettings = {
				APPLICATION_EXTENSION_API_ONLY = NO;
				CLANG_ENABLE_MODULES = YES;
				CODE_SIGN_IDENTITY = "iPhone Developer";
				CODE_SIGN_STYLE = Automatic;
				DEFINES_MODULE = YES;
				DEVELOPMENT_TEAM = RLF8EEWY2Z;
				DYLIB_COMPATIBILITY_VERSION = 1;
				DYLIB_CURRENT_VERSION = 1;
				DYLIB_INSTALL_NAME_BASE = "@rpath";
				INFOPLIST_FILE = TokenMobile/Info.plist;
				INSTALL_PATH = "$(LOCAL_LIBRARY_DIR)/Frameworks";
				IPHONEOS_DEPLOYMENT_TARGET = 11.0;
				LD_RUNPATH_SEARCH_PATHS = "$(inherited) @executable_path/Frameworks @loader_path/Frameworks";
				PRODUCT_BUNDLE_IDENTIFIER = com.acwrightdesign.TokenMobile;
				PRODUCT_NAME = Token;
				SDKROOT = iphoneos;
				SKIP_INSTALL = YES;
				SWIFT_VERSION = 4.0;
				TARGETED_DEVICE_FAMILY = "1,2";
				VALIDATE_PRODUCT = YES;
			};
			name = Release;
		};
		F03992A31FB3BB4700A76CB7 /* Debug */ = {
			isa = XCBuildConfiguration;
			buildSettings = {
				ALWAYS_EMBED_SWIFT_STANDARD_LIBRARIES = YES;
				CODE_SIGN_IDENTITY = "iPhone Developer";
				CODE_SIGN_STYLE = Automatic;
				DEVELOPMENT_TEAM = RLF8EEWY2Z;
				INFOPLIST_FILE = TokenMobileTests/Info.plist;
				IPHONEOS_DEPLOYMENT_TARGET = 11.1;
				LD_RUNPATH_SEARCH_PATHS = "$(inherited) @executable_path/Frameworks @loader_path/Frameworks";
				PRODUCT_BUNDLE_IDENTIFIER = com.acwrightdesign.TokenMobileTests;
				PRODUCT_NAME = "$(TARGET_NAME)";
				SDKROOT = iphoneos;
				SWIFT_VERSION = 4.0;
				TARGETED_DEVICE_FAMILY = "1,2";
			};
			name = Debug;
		};
		F03992A41FB3BB4700A76CB7 /* Release */ = {
			isa = XCBuildConfiguration;
			buildSettings = {
				ALWAYS_EMBED_SWIFT_STANDARD_LIBRARIES = YES;
				CODE_SIGN_IDENTITY = "iPhone Developer";
				CODE_SIGN_STYLE = Automatic;
				DEVELOPMENT_TEAM = RLF8EEWY2Z;
				INFOPLIST_FILE = TokenMobileTests/Info.plist;
				IPHONEOS_DEPLOYMENT_TARGET = 11.1;
				LD_RUNPATH_SEARCH_PATHS = "$(inherited) @executable_path/Frameworks @loader_path/Frameworks";
				PRODUCT_BUNDLE_IDENTIFIER = com.acwrightdesign.TokenMobileTests;
				PRODUCT_NAME = "$(TARGET_NAME)";
				SDKROOT = iphoneos;
				SWIFT_VERSION = 4.0;
				TARGETED_DEVICE_FAMILY = "1,2";
				VALIDATE_PRODUCT = YES;
			};
			name = Release;
		};
/* End XCBuildConfiguration section */

/* Begin XCConfigurationList section */
		F03992691FB3BB1700A76CB7 /* Build configuration list for PBXProject "Token" */ = {
			isa = XCConfigurationList;
			buildConfigurations = (
				F03992811FB3BB1800A76CB7 /* Debug */,
				F03992821FB3BB1800A76CB7 /* Release */,
			);
			defaultConfigurationIsVisible = 0;
			defaultConfigurationName = Release;
		};
		F03992831FB3BB1800A76CB7 /* Build configuration list for PBXNativeTarget "Token" */ = {
			isa = XCConfigurationList;
			buildConfigurations = (
				F03992841FB3BB1800A76CB7 /* Debug */,
				F03992851FB3BB1800A76CB7 /* Release */,
			);
			defaultConfigurationIsVisible = 0;
			defaultConfigurationName = Release;
		};
		F03992861FB3BB1800A76CB7 /* Build configuration list for PBXNativeTarget "TokenTests" */ = {
			isa = XCConfigurationList;
			buildConfigurations = (
				F03992871FB3BB1800A76CB7 /* Debug */,
				F03992881FB3BB1800A76CB7 /* Release */,
			);
			defaultConfigurationIsVisible = 0;
			defaultConfigurationName = Release;
		};
		F039929F1FB3BB4700A76CB7 /* Build configuration list for PBXNativeTarget "TokenMobile" */ = {
			isa = XCConfigurationList;
			buildConfigurations = (
				F03992A01FB3BB4700A76CB7 /* Debug */,
				F03992A11FB3BB4700A76CB7 /* Release */,
			);
			defaultConfigurationIsVisible = 0;
			defaultConfigurationName = Release;
		};
		F03992A21FB3BB4700A76CB7 /* Build configuration list for PBXNativeTarget "TokenMobileTests" */ = {
			isa = XCConfigurationList;
			buildConfigurations = (
				F03992A31FB3BB4700A76CB7 /* Debug */,
				F03992A41FB3BB4700A76CB7 /* Release */,
			);
			defaultConfigurationIsVisible = 0;
			defaultConfigurationName = Release;
		};
/* End XCConfigurationList section */
	};
	rootObject = F03992661FB3BB1700A76CB7 /* Project object */;
}
