// !$*UTF8*$!
{
	archiveVersion = 1;
	classes = {
	};
	objectVersion = 48;
	objects = {

/* Begin PBXBuildFile section */
		F011743C1FB3F9A000310E98 /* Token.swift in Sources */ = {isa = PBXBuildFile; fileRef = F011743B1FB3F9A000310E98 /* Token.swift */; };
		F011743D1FB3F9A000310E98 /* Token.swift in Sources */ = {isa = PBXBuildFile; fileRef = F011743B1FB3F9A000310E98 /* Token.swift */; };
		F01174421FB410F600310E98 /* TokenTests.swift in Sources */ = {isa = PBXBuildFile; fileRef = F01174411FB410F600310E98 /* TokenTests.swift */; };
		F01174431FB410FC00310E98 /* TokenTests.swift in Sources */ = {isa = PBXBuildFile; fileRef = F01174411FB410F600310E98 /* TokenTests.swift */; };
		F01174461FB4115B00310E98 /* TestState.swift in Sources */ = {isa = PBXBuildFile; fileRef = F01174451FB4115B00310E98 /* TestState.swift */; };
		F01174471FB4115B00310E98 /* TestState.swift in Sources */ = {isa = PBXBuildFile; fileRef = F01174451FB4115B00310E98 /* TestState.swift */; };
		F01174491FB4118400310E98 /* TestReducer.swift in Sources */ = {isa = PBXBuildFile; fileRef = F01174481FB4118400310E98 /* TestReducer.swift */; };
		F011744A1FB4118400310E98 /* TestReducer.swift in Sources */ = {isa = PBXBuildFile; fileRef = F01174481FB4118400310E98 /* TestReducer.swift */; };
		F011744C1FB4123300310E98 /* TestAction.swift in Sources */ = {isa = PBXBuildFile; fileRef = F011744B1FB4123300310E98 /* TestAction.swift */; };
		F011744D1FB4123300310E98 /* TestAction.swift in Sources */ = {isa = PBXBuildFile; fileRef = F011744B1FB4123300310E98 /* TestAction.swift */; };
		F011744F1FB4126C00310E98 /* TestSubscriber.swift in Sources */ = {isa = PBXBuildFile; fileRef = F011744E1FB4126C00310E98 /* TestSubscriber.swift */; };
		F01174501FB4126C00310E98 /* TestSubscriber.swift in Sources */ = {isa = PBXBuildFile; fileRef = F011744E1FB4126C00310E98 /* TestSubscriber.swift */; };
		F015F3A61FB4E44100E4DE00 /* TestMiddlewareActionChange.swift in Sources */ = {isa = PBXBuildFile; fileRef = F015F3A51FB4E44100E4DE00 /* TestMiddlewareActionChange.swift */; };
		F015F3A71FB4E44100E4DE00 /* TestMiddlewareActionChange.swift in Sources */ = {isa = PBXBuildFile; fileRef = F015F3A51FB4E44100E4DE00 /* TestMiddlewareActionChange.swift */; };
		F015F3A91FB4E53A00E4DE00 /* TestActionCreator.swift in Sources */ = {isa = PBXBuildFile; fileRef = F015F3A81FB4E53A00E4DE00 /* TestActionCreator.swift */; };
		F015F3AA1FB4E53A00E4DE00 /* TestActionCreator.swift in Sources */ = {isa = PBXBuildFile; fileRef = F015F3A81FB4E53A00E4DE00 /* TestActionCreator.swift */; };
		F01EA1042101CA100040FA96 /* Token.framework in Frameworks */ = {isa = PBXBuildFile; fileRef = F01EA0FB2101CA0F0040FA96 /* Token.framework */; };
		F01EA10B2101CA100040FA96 /* TokenTV.h in Headers */ = {isa = PBXBuildFile; fileRef = F01EA0FD2101CA0F0040FA96 /* TokenTV.h */; settings = {ATTRIBUTES = (Public, ); }; };
		F01EA1132101CA320040FA96 /* TokenTests.swift in Sources */ = {isa = PBXBuildFile; fileRef = F01174411FB410F600310E98 /* TokenTests.swift */; };
		F01EA1142101CA360040FA96 /* CacheTests.swift in Sources */ = {isa = PBXBuildFile; fileRef = F0A3DEA02088889C00061A5E /* CacheTests.swift */; };
		F01EA1152101CA360040FA96 /* CacheActionTests.swift in Sources */ = {isa = PBXBuildFile; fileRef = F0A3DEA3208888A600061A5E /* CacheActionTests.swift */; };
		F01EA1162101CA360040FA96 /* CacheReducerTests.swift in Sources */ = {isa = PBXBuildFile; fileRef = F0A3DEA6208888B000061A5E /* CacheReducerTests.swift */; };
		F01EA1172101CA3C0040FA96 /* IndexSetInsertingTests.swift in Sources */ = {isa = PBXBuildFile; fileRef = F0A3DE9A208887A500061A5E /* IndexSetInsertingTests.swift */; };
		F01EA1182101CA3C0040FA96 /* StateMutatedTests.swift in Sources */ = {isa = PBXBuildFile; fileRef = F0A3DE9B208887A500061A5E /* StateMutatedTests.swift */; };
		F01EA1192101CA3C0040FA96 /* ArrayAppendingTests.swift in Sources */ = {isa = PBXBuildFile; fileRef = F0A3DEA9208888BC00061A5E /* ArrayAppendingTests.swift */; };
		F01EA11A2101CA3C0040FA96 /* ArrayCacheableTests.swift in Sources */ = {isa = PBXBuildFile; fileRef = F0A3DEAC208888C800061A5E /* ArrayCacheableTests.swift */; };
		F01EA11B2101CA420040FA96 /* TestState.swift in Sources */ = {isa = PBXBuildFile; fileRef = F01174451FB4115B00310E98 /* TestState.swift */; };
		F01EA11C2101CA420040FA96 /* TestReducer.swift in Sources */ = {isa = PBXBuildFile; fileRef = F01174481FB4118400310E98 /* TestReducer.swift */; };
		F01EA11D2101CA420040FA96 /* TestAction.swift in Sources */ = {isa = PBXBuildFile; fileRef = F011744B1FB4123300310E98 /* TestAction.swift */; };
		F01EA11E2101CA420040FA96 /* TestSubscriber.swift in Sources */ = {isa = PBXBuildFile; fileRef = F011744E1FB4126C00310E98 /* TestSubscriber.swift */; };
		F01EA1202101CA420040FA96 /* TestMiddlewareActionChange.swift in Sources */ = {isa = PBXBuildFile; fileRef = F015F3A51FB4E44100E4DE00 /* TestMiddlewareActionChange.swift */; };
		F01EA1212101CA420040FA96 /* TestActionCreator.swift in Sources */ = {isa = PBXBuildFile; fileRef = F015F3A81FB4E53A00E4DE00 /* TestActionCreator.swift */; };
		F01EA1222101CA4E0040FA96 /* Token.swift in Sources */ = {isa = PBXBuildFile; fileRef = F011743B1FB3F9A000310E98 /* Token.swift */; };
		F01EA1232101CA530040FA96 /* Action.swift in Sources */ = {isa = PBXBuildFile; fileRef = F03992B51FB3BDC700A76CB7 /* Action.swift */; };
		F01EA1242101CA530040FA96 /* ActionCreator.swift in Sources */ = {isa = PBXBuildFile; fileRef = F03992C11FB3C0E200A76CB7 /* ActionCreator.swift */; };
		F01EA1252101CA530040FA96 /* ArrayReducer.swift in Sources */ = {isa = PBXBuildFile; fileRef = F022EAD61FF35EA800EBB153 /* ArrayReducer.swift */; };
		F01EA1262101CA530040FA96 /* Middleware.swift in Sources */ = {isa = PBXBuildFile; fileRef = F03992B81FB3BE7900A76CB7 /* Middleware.swift */; };
		F01EA1272101CA530040FA96 /* Reducer.swift in Sources */ = {isa = PBXBuildFile; fileRef = F03992AF1FB3BD6900A76CB7 /* Reducer.swift */; };
		F01EA1282101CA530040FA96 /* State.swift in Sources */ = {isa = PBXBuildFile; fileRef = F03992B21FB3BD8500A76CB7 /* State.swift */; };
		F01EA1292101CA530040FA96 /* Store.swift in Sources */ = {isa = PBXBuildFile; fileRef = F03992AC1FB3BD3300A76CB7 /* Store.swift */; };
		F01EA12A2101CA530040FA96 /* Subscriber.swift in Sources */ = {isa = PBXBuildFile; fileRef = F03992BB1FB3BF7100A76CB7 /* Subscriber.swift */; };
		F01EA12B2101CA530040FA96 /* Cacheable.swift in Sources */ = {isa = PBXBuildFile; fileRef = F0A3DE92208883D300061A5E /* Cacheable.swift */; };
		F01EA12C2101CA590040FA96 /* Cache.swift in Sources */ = {isa = PBXBuildFile; fileRef = F0A3DE83208883AE00061A5E /* Cache.swift */; };
		F01EA12D2101CA590040FA96 /* CacheAction.swift in Sources */ = {isa = PBXBuildFile; fileRef = F0A3DE7E208883AD00061A5E /* CacheAction.swift */; };
		F01EA12E2101CA590040FA96 /* CacheReducer.swift in Sources */ = {isa = PBXBuildFile; fileRef = F0A3DE7D208883AD00061A5E /* CacheReducer.swift */; };
		F01EA12F2101CA5E0040FA96 /* State+Mutated.swift in Sources */ = {isa = PBXBuildFile; fileRef = F0A3DE81208883AE00061A5E /* State+Mutated.swift */; };
		F01EA1302101CA5E0040FA96 /* IndexSet+Inserting.swift in Sources */ = {isa = PBXBuildFile; fileRef = F0A3DE952088855500061A5E /* IndexSet+Inserting.swift */; };
		F01EA1312101CA5E0040FA96 /* Array+Appending.swift in Sources */ = {isa = PBXBuildFile; fileRef = F0A3DE82208883AE00061A5E /* Array+Appending.swift */; };
		F01EA1322101CA5E0040FA96 /* Array+Cacheable.swift in Sources */ = {isa = PBXBuildFile; fileRef = F0A3DE7F208883AD00061A5E /* Array+Cacheable.swift */; };
		F022EAD71FF35EA800EBB153 /* ArrayReducer.swift in Sources */ = {isa = PBXBuildFile; fileRef = F022EAD61FF35EA800EBB153 /* ArrayReducer.swift */; };
		F022EAD81FF35EA800EBB153 /* ArrayReducer.swift in Sources */ = {isa = PBXBuildFile; fileRef = F022EAD61FF35EA800EBB153 /* ArrayReducer.swift */; };
		F03992791FB3BB1800A76CB7 /* Token.framework in Frameworks */ = {isa = PBXBuildFile; fileRef = F039926F1FB3BB1700A76CB7 /* Token.framework */; };
		F03992801FB3BB1800A76CB7 /* Token.h in Headers */ = {isa = PBXBuildFile; fileRef = F03992721FB3BB1700A76CB7 /* Token.h */; settings = {ATTRIBUTES = (Public, ); }; };
		F03992971FB3BB4700A76CB7 /* Token.framework in Frameworks */ = {isa = PBXBuildFile; fileRef = F039928E1FB3BB4700A76CB7 /* Token.framework */; };
		F039929E1FB3BB4700A76CB7 /* TokenMobile.h in Headers */ = {isa = PBXBuildFile; fileRef = F03992901FB3BB4700A76CB7 /* TokenMobile.h */; settings = {ATTRIBUTES = (Public, ); }; };
		F03992AD1FB3BD3300A76CB7 /* Store.swift in Sources */ = {isa = PBXBuildFile; fileRef = F03992AC1FB3BD3300A76CB7 /* Store.swift */; };
		F03992AE1FB3BD3300A76CB7 /* Store.swift in Sources */ = {isa = PBXBuildFile; fileRef = F03992AC1FB3BD3300A76CB7 /* Store.swift */; };
		F03992B01FB3BD6900A76CB7 /* Reducer.swift in Sources */ = {isa = PBXBuildFile; fileRef = F03992AF1FB3BD6900A76CB7 /* Reducer.swift */; };
		F03992B11FB3BD6900A76CB7 /* Reducer.swift in Sources */ = {isa = PBXBuildFile; fileRef = F03992AF1FB3BD6900A76CB7 /* Reducer.swift */; };
		F03992B31FB3BD8500A76CB7 /* State.swift in Sources */ = {isa = PBXBuildFile; fileRef = F03992B21FB3BD8500A76CB7 /* State.swift */; };
		F03992B41FB3BD8500A76CB7 /* State.swift in Sources */ = {isa = PBXBuildFile; fileRef = F03992B21FB3BD8500A76CB7 /* State.swift */; };
		F03992B61FB3BDC700A76CB7 /* Action.swift in Sources */ = {isa = PBXBuildFile; fileRef = F03992B51FB3BDC700A76CB7 /* Action.swift */; };
		F03992B71FB3BDC700A76CB7 /* Action.swift in Sources */ = {isa = PBXBuildFile; fileRef = F03992B51FB3BDC700A76CB7 /* Action.swift */; };
		F03992B91FB3BE7900A76CB7 /* Middleware.swift in Sources */ = {isa = PBXBuildFile; fileRef = F03992B81FB3BE7900A76CB7 /* Middleware.swift */; };
		F03992BA1FB3BE7900A76CB7 /* Middleware.swift in Sources */ = {isa = PBXBuildFile; fileRef = F03992B81FB3BE7900A76CB7 /* Middleware.swift */; };
		F03992BC1FB3BF7100A76CB7 /* Subscriber.swift in Sources */ = {isa = PBXBuildFile; fileRef = F03992BB1FB3BF7100A76CB7 /* Subscriber.swift */; };
		F03992BD1FB3BF7100A76CB7 /* Subscriber.swift in Sources */ = {isa = PBXBuildFile; fileRef = F03992BB1FB3BF7100A76CB7 /* Subscriber.swift */; };
		F03992C21FB3C0E200A76CB7 /* ActionCreator.swift in Sources */ = {isa = PBXBuildFile; fileRef = F03992C11FB3C0E200A76CB7 /* ActionCreator.swift */; };
		F03992C31FB3C0E200A76CB7 /* ActionCreator.swift in Sources */ = {isa = PBXBuildFile; fileRef = F03992C11FB3C0E200A76CB7 /* ActionCreator.swift */; };
		F0A3DE84208883AE00061A5E /* CacheReducer.swift in Sources */ = {isa = PBXBuildFile; fileRef = F0A3DE7D208883AD00061A5E /* CacheReducer.swift */; };
		F0A3DE85208883AE00061A5E /* CacheReducer.swift in Sources */ = {isa = PBXBuildFile; fileRef = F0A3DE7D208883AD00061A5E /* CacheReducer.swift */; };
		F0A3DE86208883AE00061A5E /* CacheAction.swift in Sources */ = {isa = PBXBuildFile; fileRef = F0A3DE7E208883AD00061A5E /* CacheAction.swift */; };
		F0A3DE87208883AE00061A5E /* CacheAction.swift in Sources */ = {isa = PBXBuildFile; fileRef = F0A3DE7E208883AD00061A5E /* CacheAction.swift */; };
		F0A3DE88208883AE00061A5E /* Array+Cacheable.swift in Sources */ = {isa = PBXBuildFile; fileRef = F0A3DE7F208883AD00061A5E /* Array+Cacheable.swift */; };
		F0A3DE89208883AE00061A5E /* Array+Cacheable.swift in Sources */ = {isa = PBXBuildFile; fileRef = F0A3DE7F208883AD00061A5E /* Array+Cacheable.swift */; };
		F0A3DE8C208883AE00061A5E /* State+Mutated.swift in Sources */ = {isa = PBXBuildFile; fileRef = F0A3DE81208883AE00061A5E /* State+Mutated.swift */; };
		F0A3DE8D208883AE00061A5E /* State+Mutated.swift in Sources */ = {isa = PBXBuildFile; fileRef = F0A3DE81208883AE00061A5E /* State+Mutated.swift */; };
		F0A3DE8E208883AE00061A5E /* Array+Appending.swift in Sources */ = {isa = PBXBuildFile; fileRef = F0A3DE82208883AE00061A5E /* Array+Appending.swift */; };
		F0A3DE8F208883AE00061A5E /* Array+Appending.swift in Sources */ = {isa = PBXBuildFile; fileRef = F0A3DE82208883AE00061A5E /* Array+Appending.swift */; };
		F0A3DE90208883AE00061A5E /* Cache.swift in Sources */ = {isa = PBXBuildFile; fileRef = F0A3DE83208883AE00061A5E /* Cache.swift */; };
		F0A3DE91208883AE00061A5E /* Cache.swift in Sources */ = {isa = PBXBuildFile; fileRef = F0A3DE83208883AE00061A5E /* Cache.swift */; };
		F0A3DE93208883D300061A5E /* Cacheable.swift in Sources */ = {isa = PBXBuildFile; fileRef = F0A3DE92208883D300061A5E /* Cacheable.swift */; };
		F0A3DE94208883D300061A5E /* Cacheable.swift in Sources */ = {isa = PBXBuildFile; fileRef = F0A3DE92208883D300061A5E /* Cacheable.swift */; };
		F0A3DE962088855500061A5E /* IndexSet+Inserting.swift in Sources */ = {isa = PBXBuildFile; fileRef = F0A3DE952088855500061A5E /* IndexSet+Inserting.swift */; };
		F0A3DE972088855500061A5E /* IndexSet+Inserting.swift in Sources */ = {isa = PBXBuildFile; fileRef = F0A3DE952088855500061A5E /* IndexSet+Inserting.swift */; };
		F0A3DE9C208887A500061A5E /* IndexSetInsertingTests.swift in Sources */ = {isa = PBXBuildFile; fileRef = F0A3DE9A208887A500061A5E /* IndexSetInsertingTests.swift */; };
		F0A3DE9D208887A500061A5E /* IndexSetInsertingTests.swift in Sources */ = {isa = PBXBuildFile; fileRef = F0A3DE9A208887A500061A5E /* IndexSetInsertingTests.swift */; };
		F0A3DE9E208887A500061A5E /* StateMutatedTests.swift in Sources */ = {isa = PBXBuildFile; fileRef = F0A3DE9B208887A500061A5E /* StateMutatedTests.swift */; };
		F0A3DE9F208887A500061A5E /* StateMutatedTests.swift in Sources */ = {isa = PBXBuildFile; fileRef = F0A3DE9B208887A500061A5E /* StateMutatedTests.swift */; };
		F0A3DEA12088889C00061A5E /* CacheTests.swift in Sources */ = {isa = PBXBuildFile; fileRef = F0A3DEA02088889C00061A5E /* CacheTests.swift */; };
		F0A3DEA22088889C00061A5E /* CacheTests.swift in Sources */ = {isa = PBXBuildFile; fileRef = F0A3DEA02088889C00061A5E /* CacheTests.swift */; };
		F0A3DEA4208888A600061A5E /* CacheActionTests.swift in Sources */ = {isa = PBXBuildFile; fileRef = F0A3DEA3208888A600061A5E /* CacheActionTests.swift */; };
		F0A3DEA5208888A600061A5E /* CacheActionTests.swift in Sources */ = {isa = PBXBuildFile; fileRef = F0A3DEA3208888A600061A5E /* CacheActionTests.swift */; };
		F0A3DEA7208888B000061A5E /* CacheReducerTests.swift in Sources */ = {isa = PBXBuildFile; fileRef = F0A3DEA6208888B000061A5E /* CacheReducerTests.swift */; };
		F0A3DEA8208888B000061A5E /* CacheReducerTests.swift in Sources */ = {isa = PBXBuildFile; fileRef = F0A3DEA6208888B000061A5E /* CacheReducerTests.swift */; };
		F0A3DEAA208888BC00061A5E /* ArrayAppendingTests.swift in Sources */ = {isa = PBXBuildFile; fileRef = F0A3DEA9208888BC00061A5E /* ArrayAppendingTests.swift */; };
		F0A3DEAB208888BC00061A5E /* ArrayAppendingTests.swift in Sources */ = {isa = PBXBuildFile; fileRef = F0A3DEA9208888BC00061A5E /* ArrayAppendingTests.swift */; };
		F0A3DEAD208888C800061A5E /* ArrayCacheableTests.swift in Sources */ = {isa = PBXBuildFile; fileRef = F0A3DEAC208888C800061A5E /* ArrayCacheableTests.swift */; };
		F0A3DEAE208888C800061A5E /* ArrayCacheableTests.swift in Sources */ = {isa = PBXBuildFile; fileRef = F0A3DEAC208888C800061A5E /* ArrayCacheableTests.swift */; };
		F0DE1E0A21D1727E001D1FB5 /* TestWidget.swift in Sources */ = {isa = PBXBuildFile; fileRef = F0DE1E0921D1727E001D1FB5 /* TestWidget.swift */; };
		F0DE1E0B21D1727E001D1FB5 /* TestWidget.swift in Sources */ = {isa = PBXBuildFile; fileRef = F0DE1E0921D1727E001D1FB5 /* TestWidget.swift */; };
		F0DE1E0C21D1727E001D1FB5 /* TestWidget.swift in Sources */ = {isa = PBXBuildFile; fileRef = F0DE1E0921D1727E001D1FB5 /* TestWidget.swift */; };
		F0DE1E0E21D1825F001D1FB5 /* TestError.swift in Sources */ = {isa = PBXBuildFile; fileRef = F0DE1E0D21D1825F001D1FB5 /* TestError.swift */; };
		F0DE1E0F21D1825F001D1FB5 /* TestError.swift in Sources */ = {isa = PBXBuildFile; fileRef = F0DE1E0D21D1825F001D1FB5 /* TestError.swift */; };
		F0DE1E1021D1825F001D1FB5 /* TestError.swift in Sources */ = {isa = PBXBuildFile; fileRef = F0DE1E0D21D1825F001D1FB5 /* TestError.swift */; };
		F0F4DDBE21D8208000F800A5 /* TestSubscriberWithoutOnChange.swift in Sources */ = {isa = PBXBuildFile; fileRef = F0F4DDBD21D8208000F800A5 /* TestSubscriberWithoutOnChange.swift */; };
		F0F4DDBF21D8208000F800A5 /* TestSubscriberWithoutOnChange.swift in Sources */ = {isa = PBXBuildFile; fileRef = F0F4DDBD21D8208000F800A5 /* TestSubscriberWithoutOnChange.swift */; };
		F0F4DDC021D8208000F800A5 /* TestSubscriberWithoutOnChange.swift in Sources */ = {isa = PBXBuildFile; fileRef = F0F4DDBD21D8208000F800A5 /* TestSubscriberWithoutOnChange.swift */; };
/* End PBXBuildFile section */

/* Begin PBXContainerItemProxy section */
		F01EA1052101CA100040FA96 /* PBXContainerItemProxy */ = {
			isa = PBXContainerItemProxy;
			containerPortal = F03992661FB3BB1700A76CB7 /* Project object */;
			proxyType = 1;
			remoteGlobalIDString = F01EA0FA2101CA0F0040FA96;
			remoteInfo = TokenTV;
		};
		F039927A1FB3BB1800A76CB7 /* PBXContainerItemProxy */ = {
			isa = PBXContainerItemProxy;
			containerPortal = F03992661FB3BB1700A76CB7 /* Project object */;
			proxyType = 1;
			remoteGlobalIDString = F039926E1FB3BB1700A76CB7;
			remoteInfo = Token;
		};
		F03992981FB3BB4700A76CB7 /* PBXContainerItemProxy */ = {
			isa = PBXContainerItemProxy;
			containerPortal = F03992661FB3BB1700A76CB7 /* Project object */;
			proxyType = 1;
			remoteGlobalIDString = F039928D1FB3BB4700A76CB7;
			remoteInfo = TokenMobile;
		};
/* End PBXContainerItemProxy section */

/* Begin PBXFileReference section */
		F011743B1FB3F9A000310E98 /* Token.swift */ = {isa = PBXFileReference; lastKnownFileType = sourcecode.swift; path = Token.swift; sourceTree = "<group>"; };
		F01174411FB410F600310E98 /* TokenTests.swift */ = {isa = PBXFileReference; lastKnownFileType = sourcecode.swift; path = TokenTests.swift; sourceTree = "<group>"; };
		F01174451FB4115B00310E98 /* TestState.swift */ = {isa = PBXFileReference; lastKnownFileType = sourcecode.swift; path = TestState.swift; sourceTree = "<group>"; };
		F01174481FB4118400310E98 /* TestReducer.swift */ = {isa = PBXFileReference; lastKnownFileType = sourcecode.swift; path = TestReducer.swift; sourceTree = "<group>"; };
		F011744B1FB4123300310E98 /* TestAction.swift */ = {isa = PBXFileReference; lastKnownFileType = sourcecode.swift; path = TestAction.swift; sourceTree = "<group>"; };
		F011744E1FB4126C00310E98 /* TestSubscriber.swift */ = {isa = PBXFileReference; lastKnownFileType = sourcecode.swift; path = TestSubscriber.swift; sourceTree = "<group>"; };
		F015F3A51FB4E44100E4DE00 /* TestMiddlewareActionChange.swift */ = {isa = PBXFileReference; lastKnownFileType = sourcecode.swift; path = TestMiddlewareActionChange.swift; sourceTree = "<group>"; };
		F015F3A81FB4E53A00E4DE00 /* TestActionCreator.swift */ = {isa = PBXFileReference; lastKnownFileType = sourcecode.swift; path = TestActionCreator.swift; sourceTree = "<group>"; };
		F01EA0FB2101CA0F0040FA96 /* Token.framework */ = {isa = PBXFileReference; explicitFileType = wrapper.framework; includeInIndex = 0; path = Token.framework; sourceTree = BUILT_PRODUCTS_DIR; };
		F01EA0FD2101CA0F0040FA96 /* TokenTV.h */ = {isa = PBXFileReference; lastKnownFileType = sourcecode.c.h; path = TokenTV.h; sourceTree = "<group>"; };
		F01EA0FE2101CA0F0040FA96 /* Info.plist */ = {isa = PBXFileReference; lastKnownFileType = text.plist.xml; path = Info.plist; sourceTree = "<group>"; };
		F01EA1032101CA100040FA96 /* TokenTVTests.xctest */ = {isa = PBXFileReference; explicitFileType = wrapper.cfbundle; includeInIndex = 0; path = TokenTVTests.xctest; sourceTree = BUILT_PRODUCTS_DIR; };
		F01EA10A2101CA100040FA96 /* Info.plist */ = {isa = PBXFileReference; lastKnownFileType = text.plist.xml; path = Info.plist; sourceTree = "<group>"; };
		F022EAD61FF35EA800EBB153 /* ArrayReducer.swift */ = {isa = PBXFileReference; lastKnownFileType = sourcecode.swift; path = ArrayReducer.swift; sourceTree = "<group>"; };
		F039926F1FB3BB1700A76CB7 /* Token.framework */ = {isa = PBXFileReference; explicitFileType = wrapper.framework; includeInIndex = 0; path = Token.framework; sourceTree = BUILT_PRODUCTS_DIR; };
		F03992721FB3BB1700A76CB7 /* Token.h */ = {isa = PBXFileReference; lastKnownFileType = sourcecode.c.h; path = Token.h; sourceTree = "<group>"; };
		F03992731FB3BB1700A76CB7 /* Info.plist */ = {isa = PBXFileReference; lastKnownFileType = text.plist.xml; path = Info.plist; sourceTree = "<group>"; };
		F03992781FB3BB1800A76CB7 /* TokenTests.xctest */ = {isa = PBXFileReference; explicitFileType = wrapper.cfbundle; includeInIndex = 0; path = TokenTests.xctest; sourceTree = BUILT_PRODUCTS_DIR; };
		F039927F1FB3BB1800A76CB7 /* Info.plist */ = {isa = PBXFileReference; lastKnownFileType = text.plist.xml; path = Info.plist; sourceTree = "<group>"; };
		F039928E1FB3BB4700A76CB7 /* Token.framework */ = {isa = PBXFileReference; explicitFileType = wrapper.framework; includeInIndex = 0; path = Token.framework; sourceTree = BUILT_PRODUCTS_DIR; };
		F03992901FB3BB4700A76CB7 /* TokenMobile.h */ = {isa = PBXFileReference; lastKnownFileType = sourcecode.c.h; path = TokenMobile.h; sourceTree = "<group>"; };
		F03992911FB3BB4700A76CB7 /* Info.plist */ = {isa = PBXFileReference; lastKnownFileType = text.plist.xml; path = Info.plist; sourceTree = "<group>"; };
		F03992961FB3BB4700A76CB7 /* TokenMobileTests.xctest */ = {isa = PBXFileReference; explicitFileType = wrapper.cfbundle; includeInIndex = 0; path = TokenMobileTests.xctest; sourceTree = BUILT_PRODUCTS_DIR; };
		F039929D1FB3BB4700A76CB7 /* Info.plist */ = {isa = PBXFileReference; lastKnownFileType = text.plist.xml; path = Info.plist; sourceTree = "<group>"; };
		F03992AA1FB3BC7900A76CB7 /* README.md */ = {isa = PBXFileReference; fileEncoding = 4; lastKnownFileType = net.daringfireball.markdown; path = README.md; sourceTree = SOURCE_ROOT; };
		F03992AC1FB3BD3300A76CB7 /* Store.swift */ = {isa = PBXFileReference; lastKnownFileType = sourcecode.swift; path = Store.swift; sourceTree = "<group>"; };
		F03992AF1FB3BD6900A76CB7 /* Reducer.swift */ = {isa = PBXFileReference; lastKnownFileType = sourcecode.swift; path = Reducer.swift; sourceTree = "<group>"; };
		F03992B21FB3BD8500A76CB7 /* State.swift */ = {isa = PBXFileReference; lastKnownFileType = sourcecode.swift; path = State.swift; sourceTree = "<group>"; };
		F03992B51FB3BDC700A76CB7 /* Action.swift */ = {isa = PBXFileReference; lastKnownFileType = sourcecode.swift; path = Action.swift; sourceTree = "<group>"; };
		F03992B81FB3BE7900A76CB7 /* Middleware.swift */ = {isa = PBXFileReference; lastKnownFileType = sourcecode.swift; path = Middleware.swift; sourceTree = "<group>"; };
		F03992BB1FB3BF7100A76CB7 /* Subscriber.swift */ = {isa = PBXFileReference; lastKnownFileType = sourcecode.swift; path = Subscriber.swift; sourceTree = "<group>"; };
		F03992C11FB3C0E200A76CB7 /* ActionCreator.swift */ = {isa = PBXFileReference; lastKnownFileType = sourcecode.swift; path = ActionCreator.swift; sourceTree = "<group>"; };
		F0A3DE7D208883AD00061A5E /* CacheReducer.swift */ = {isa = PBXFileReference; fileEncoding = 4; lastKnownFileType = sourcecode.swift; path = CacheReducer.swift; sourceTree = "<group>"; };
		F0A3DE7E208883AD00061A5E /* CacheAction.swift */ = {isa = PBXFileReference; fileEncoding = 4; lastKnownFileType = sourcecode.swift; path = CacheAction.swift; sourceTree = "<group>"; };
		F0A3DE7F208883AD00061A5E /* Array+Cacheable.swift */ = {isa = PBXFileReference; fileEncoding = 4; lastKnownFileType = sourcecode.swift; path = "Array+Cacheable.swift"; sourceTree = "<group>"; };
		F0A3DE81208883AE00061A5E /* State+Mutated.swift */ = {isa = PBXFileReference; fileEncoding = 4; lastKnownFileType = sourcecode.swift; path = "State+Mutated.swift"; sourceTree = "<group>"; };
		F0A3DE82208883AE00061A5E /* Array+Appending.swift */ = {isa = PBXFileReference; fileEncoding = 4; lastKnownFileType = sourcecode.swift; path = "Array+Appending.swift"; sourceTree = "<group>"; };
		F0A3DE83208883AE00061A5E /* Cache.swift */ = {isa = PBXFileReference; fileEncoding = 4; lastKnownFileType = sourcecode.swift; path = Cache.swift; sourceTree = "<group>"; };
		F0A3DE92208883D300061A5E /* Cacheable.swift */ = {isa = PBXFileReference; lastKnownFileType = sourcecode.swift; path = Cacheable.swift; sourceTree = "<group>"; };
		F0A3DE952088855500061A5E /* IndexSet+Inserting.swift */ = {isa = PBXFileReference; fileEncoding = 4; lastKnownFileType = sourcecode.swift; path = "IndexSet+Inserting.swift"; sourceTree = "<group>"; };
		F0A3DE9A208887A500061A5E /* IndexSetInsertingTests.swift */ = {isa = PBXFileReference; fileEncoding = 4; lastKnownFileType = sourcecode.swift; path = IndexSetInsertingTests.swift; sourceTree = "<group>"; };
		F0A3DE9B208887A500061A5E /* StateMutatedTests.swift */ = {isa = PBXFileReference; fileEncoding = 4; lastKnownFileType = sourcecode.swift; path = StateMutatedTests.swift; sourceTree = "<group>"; };
		F0A3DEA02088889C00061A5E /* CacheTests.swift */ = {isa = PBXFileReference; lastKnownFileType = sourcecode.swift; path = CacheTests.swift; sourceTree = "<group>"; };
		F0A3DEA3208888A600061A5E /* CacheActionTests.swift */ = {isa = PBXFileReference; lastKnownFileType = sourcecode.swift; path = CacheActionTests.swift; sourceTree = "<group>"; };
		F0A3DEA6208888B000061A5E /* CacheReducerTests.swift */ = {isa = PBXFileReference; lastKnownFileType = sourcecode.swift; path = CacheReducerTests.swift; sourceTree = "<group>"; };
		F0A3DEA9208888BC00061A5E /* ArrayAppendingTests.swift */ = {isa = PBXFileReference; lastKnownFileType = sourcecode.swift; path = ArrayAppendingTests.swift; sourceTree = "<group>"; };
		F0A3DEAC208888C800061A5E /* ArrayCacheableTests.swift */ = {isa = PBXFileReference; lastKnownFileType = sourcecode.swift; path = ArrayCacheableTests.swift; sourceTree = "<group>"; };
		F0DE1E0921D1727E001D1FB5 /* TestWidget.swift */ = {isa = PBXFileReference; lastKnownFileType = sourcecode.swift; path = TestWidget.swift; sourceTree = "<group>"; };
		F0DE1E0D21D1825F001D1FB5 /* TestError.swift */ = {isa = PBXFileReference; lastKnownFileType = sourcecode.swift; path = TestError.swift; sourceTree = "<group>"; };
		F0F4DDBD21D8208000F800A5 /* TestSubscriberWithoutOnChange.swift */ = {isa = PBXFileReference; lastKnownFileType = sourcecode.swift; path = TestSubscriberWithoutOnChange.swift; sourceTree = "<group>"; };
/* End PBXFileReference section */

/* Begin PBXFrameworksBuildPhase section */
		F01EA0F72101CA0F0040FA96 /* Frameworks */ = {
			isa = PBXFrameworksBuildPhase;
			buildActionMask = 2147483647;
			files = (
			);
			runOnlyForDeploymentPostprocessing = 0;
		};
		F01EA1002101CA100040FA96 /* Frameworks */ = {
			isa = PBXFrameworksBuildPhase;
			buildActionMask = 2147483647;
			files = (
				F01EA1042101CA100040FA96 /* Token.framework in Frameworks */,
			);
			runOnlyForDeploymentPostprocessing = 0;
		};
		F039926B1FB3BB1700A76CB7 /* Frameworks */ = {
			isa = PBXFrameworksBuildPhase;
			buildActionMask = 2147483647;
			files = (
			);
			runOnlyForDeploymentPostprocessing = 0;
		};
		F03992751FB3BB1800A76CB7 /* Frameworks */ = {
			isa = PBXFrameworksBuildPhase;
			buildActionMask = 2147483647;
			files = (
				F03992791FB3BB1800A76CB7 /* Token.framework in Frameworks */,
			);
			runOnlyForDeploymentPostprocessing = 0;
		};
		F039928A1FB3BB4700A76CB7 /* Frameworks */ = {
			isa = PBXFrameworksBuildPhase;
			buildActionMask = 2147483647;
			files = (
			);
			runOnlyForDeploymentPostprocessing = 0;
		};
		F03992931FB3BB4700A76CB7 /* Frameworks */ = {
			isa = PBXFrameworksBuildPhase;
			buildActionMask = 2147483647;
			files = (
				F03992971FB3BB4700A76CB7 /* Token.framework in Frameworks */,
			);
			runOnlyForDeploymentPostprocessing = 0;
		};
/* End PBXFrameworksBuildPhase section */

/* Begin PBXGroup section */
		F01174441FB4114300310E98 /* Fixtures */ = {
			isa = PBXGroup;
			children = (
				F011744B1FB4123300310E98 /* TestAction.swift */,
				F015F3A81FB4E53A00E4DE00 /* TestActionCreator.swift */,
				F0DE1E0D21D1825F001D1FB5 /* TestError.swift */,
				F015F3A51FB4E44100E4DE00 /* TestMiddlewareActionChange.swift */,
				F01174481FB4118400310E98 /* TestReducer.swift */,
				F01174451FB4115B00310E98 /* TestState.swift */,
				F011744E1FB4126C00310E98 /* TestSubscriber.swift */,
				F0F4DDBD21D8208000F800A5 /* TestSubscriberWithoutOnChange.swift */,
				F0DE1E0921D1727E001D1FB5 /* TestWidget.swift */,
			);
			name = Fixtures;
			sourceTree = "<group>";
		};
		F01EA0FC2101CA0F0040FA96 /* TokenTV */ = {
			isa = PBXGroup;
			children = (
				F01EA1122101CA190040FA96 /* Supporting Files */,
			);
			path = TokenTV;
			sourceTree = "<group>";
		};
		F01EA1072101CA100040FA96 /* TokenTVTests */ = {
			isa = PBXGroup;
			children = (
				F01EA10A2101CA100040FA96 /* Info.plist */,
			);
			path = TokenTVTests;
			sourceTree = "<group>";
		};
		F01EA1122101CA190040FA96 /* Supporting Files */ = {
			isa = PBXGroup;
			children = (
				F01EA0FD2101CA0F0040FA96 /* TokenTV.h */,
				F01EA0FE2101CA0F0040FA96 /* Info.plist */,
			);
			name = "Supporting Files";
			sourceTree = "<group>";
		};
		F03992651FB3BB1700A76CB7 = {
			isa = PBXGroup;
			children = (
				F03992A51FB3BB6100A76CB7 /* TokenShared */,
				F03992711FB3BB1700A76CB7 /* Token */,
				F039928F1FB3BB4700A76CB7 /* TokenMobile */,
				F01EA0FC2101CA0F0040FA96 /* TokenTV */,
				F03992A61FB3BB7E00A76CB7 /* TokenTestsShared */,
				F039927C1FB3BB1800A76CB7 /* TokenTests */,
				F039929A1FB3BB4700A76CB7 /* TokenMobileTests */,
				F01EA1072101CA100040FA96 /* TokenTVTests */,
				F03992701FB3BB1700A76CB7 /* Products */,
			);
			sourceTree = "<group>";
		};
		F03992701FB3BB1700A76CB7 /* Products */ = {
			isa = PBXGroup;
			children = (
				F039926F1FB3BB1700A76CB7 /* Token.framework */,
				F03992781FB3BB1800A76CB7 /* TokenTests.xctest */,
				F039928E1FB3BB4700A76CB7 /* Token.framework */,
				F03992961FB3BB4700A76CB7 /* TokenMobileTests.xctest */,
				F01EA0FB2101CA0F0040FA96 /* Token.framework */,
				F01EA1032101CA100040FA96 /* TokenTVTests.xctest */,
			);
			name = Products;
			sourceTree = "<group>";
		};
		F03992711FB3BB1700A76CB7 /* Token */ = {
			isa = PBXGroup;
			children = (
				F03992A71FB3BC0D00A76CB7 /* Supporting Files */,
			);
			path = Token;
			sourceTree = "<group>";
		};
		F039927C1FB3BB1800A76CB7 /* TokenTests */ = {
			isa = PBXGroup;
			children = (
				F039927F1FB3BB1800A76CB7 /* Info.plist */,
			);
			path = TokenTests;
			sourceTree = "<group>";
		};
		F039928F1FB3BB4700A76CB7 /* TokenMobile */ = {
			isa = PBXGroup;
			children = (
				F03992A81FB3BC1A00A76CB7 /* Supporting Files */,
			);
			path = TokenMobile;
			sourceTree = "<group>";
		};
		F039929A1FB3BB4700A76CB7 /* TokenMobileTests */ = {
			isa = PBXGroup;
			children = (
				F039929D1FB3BB4700A76CB7 /* Info.plist */,
			);
			path = TokenMobileTests;
			sourceTree = "<group>";
		};
		F03992A51FB3BB6100A76CB7 /* TokenShared */ = {
			isa = PBXGroup;
			children = (
				F011743B1FB3F9A000310E98 /* Token.swift */,
				F03992BE1FB3C02200A76CB7 /* Protocols */,
				F0D987302088830200EB1218 /* Cache */,
				F0A3DE7C2088833900061A5E /* Extensions */,
				F03992A91FB3BC4F00A76CB7 /* Supporting Files */,
			);
			path = TokenShared;
			sourceTree = "<group>";
		};
		F03992A61FB3BB7E00A76CB7 /* TokenTestsShared */ = {
			isa = PBXGroup;
			children = (
				F01174411FB410F600310E98 /* TokenTests.swift */,
				F0A3DE992088873C00061A5E /* Cache */,
				F0A3DE98208886FA00061A5E /* Extensions */,
				F01174441FB4114300310E98 /* Fixtures */,
			);
			path = TokenTestsShared;
			sourceTree = "<group>";
		};
		F03992A71FB3BC0D00A76CB7 /* Supporting Files */ = {
			isa = PBXGroup;
			children = (
				F03992721FB3BB1700A76CB7 /* Token.h */,
				F03992731FB3BB1700A76CB7 /* Info.plist */,
			);
			name = "Supporting Files";
			sourceTree = "<group>";
		};
		F03992A81FB3BC1A00A76CB7 /* Supporting Files */ = {
			isa = PBXGroup;
			children = (
				F03992901FB3BB4700A76CB7 /* TokenMobile.h */,
				F03992911FB3BB4700A76CB7 /* Info.plist */,
			);
			name = "Supporting Files";
			sourceTree = "<group>";
		};
		F03992A91FB3BC4F00A76CB7 /* Supporting Files */ = {
			isa = PBXGroup;
			children = (
				F03992AA1FB3BC7900A76CB7 /* README.md */,
			);
			name = "Supporting Files";
			sourceTree = "<group>";
		};
		F03992BE1FB3C02200A76CB7 /* Protocols */ = {
			isa = PBXGroup;
			children = (
				F03992B51FB3BDC700A76CB7 /* Action.swift */,
				F03992C11FB3C0E200A76CB7 /* ActionCreator.swift */,
				F022EAD61FF35EA800EBB153 /* ArrayReducer.swift */,
				F0A3DE92208883D300061A5E /* Cacheable.swift */,
				F03992B81FB3BE7900A76CB7 /* Middleware.swift */,
				F03992AF1FB3BD6900A76CB7 /* Reducer.swift */,
				F03992B21FB3BD8500A76CB7 /* State.swift */,
				F03992AC1FB3BD3300A76CB7 /* Store.swift */,
				F03992BB1FB3BF7100A76CB7 /* Subscriber.swift */,
			);
			name = Protocols;
			sourceTree = "<group>";
		};
		F0A3DE7C2088833900061A5E /* Extensions */ = {
			isa = PBXGroup;
			children = (
				F0A3DE81208883AE00061A5E /* State+Mutated.swift */,
				F0A3DE952088855500061A5E /* IndexSet+Inserting.swift */,
				F0A3DE82208883AE00061A5E /* Array+Appending.swift */,
				F0A3DE7F208883AD00061A5E /* Array+Cacheable.swift */,
			);
			name = Extensions;
			sourceTree = "<group>";
		};
		F0A3DE98208886FA00061A5E /* Extensions */ = {
			isa = PBXGroup;
			children = (
				F0A3DE9A208887A500061A5E /* IndexSetInsertingTests.swift */,
				F0A3DE9B208887A500061A5E /* StateMutatedTests.swift */,
				F0A3DEA9208888BC00061A5E /* ArrayAppendingTests.swift */,
				F0A3DEAC208888C800061A5E /* ArrayCacheableTests.swift */,
			);
			name = Extensions;
			sourceTree = "<group>";
		};
		F0A3DE992088873C00061A5E /* Cache */ = {
			isa = PBXGroup;
			children = (
				F0A3DEA02088889C00061A5E /* CacheTests.swift */,
				F0A3DEA3208888A600061A5E /* CacheActionTests.swift */,
				F0A3DEA6208888B000061A5E /* CacheReducerTests.swift */,
			);
			name = Cache;
			sourceTree = "<group>";
		};
		F0D987302088830200EB1218 /* Cache */ = {
			isa = PBXGroup;
			children = (
				F0A3DE83208883AE00061A5E /* Cache.swift */,
				F0A3DE7E208883AD00061A5E /* CacheAction.swift */,
				F0A3DE7D208883AD00061A5E /* CacheReducer.swift */,
			);
			name = Cache;
			sourceTree = "<group>";
		};
/* End PBXGroup section */

/* Begin PBXHeadersBuildPhase section */
		F01EA0F82101CA0F0040FA96 /* Headers */ = {
			isa = PBXHeadersBuildPhase;
			buildActionMask = 2147483647;
			files = (
				F01EA10B2101CA100040FA96 /* TokenTV.h in Headers */,
			);
			runOnlyForDeploymentPostprocessing = 0;
		};
		F039926C1FB3BB1700A76CB7 /* Headers */ = {
			isa = PBXHeadersBuildPhase;
			buildActionMask = 2147483647;
			files = (
				F03992801FB3BB1800A76CB7 /* Token.h in Headers */,
			);
			runOnlyForDeploymentPostprocessing = 0;
		};
		F039928B1FB3BB4700A76CB7 /* Headers */ = {
			isa = PBXHeadersBuildPhase;
			buildActionMask = 2147483647;
			files = (
				F039929E1FB3BB4700A76CB7 /* TokenMobile.h in Headers */,
			);
			runOnlyForDeploymentPostprocessing = 0;
		};
/* End PBXHeadersBuildPhase section */

/* Begin PBXNativeTarget section */
		F01EA0FA2101CA0F0040FA96 /* TokenTV */ = {
			isa = PBXNativeTarget;
			buildConfigurationList = F01EA1102101CA100040FA96 /* Build configuration list for PBXNativeTarget "TokenTV" */;
			buildPhases = (
				F01EA0F62101CA0F0040FA96 /* Sources */,
				F01EA0F72101CA0F0040FA96 /* Frameworks */,
				F01EA0F82101CA0F0040FA96 /* Headers */,
				F01EA0F92101CA0F0040FA96 /* Resources */,
			);
			buildRules = (
			);
			dependencies = (
			);
			name = TokenTV;
			productName = TokenTV;
			productReference = F01EA0FB2101CA0F0040FA96 /* Token.framework */;
			productType = "com.apple.product-type.framework";
		};
		F01EA1022101CA100040FA96 /* TokenTVTests */ = {
			isa = PBXNativeTarget;
			buildConfigurationList = F01EA1112101CA100040FA96 /* Build configuration list for PBXNativeTarget "TokenTVTests" */;
			buildPhases = (
				F01EA0FF2101CA100040FA96 /* Sources */,
				F01EA1002101CA100040FA96 /* Frameworks */,
				F01EA1012101CA100040FA96 /* Resources */,
			);
			buildRules = (
			);
			dependencies = (
				F01EA1062101CA100040FA96 /* PBXTargetDependency */,
			);
			name = TokenTVTests;
			productName = TokenTVTests;
			productReference = F01EA1032101CA100040FA96 /* TokenTVTests.xctest */;
			productType = "com.apple.product-type.bundle.unit-test";
		};
		F039926E1FB3BB1700A76CB7 /* Token */ = {
			isa = PBXNativeTarget;
			buildConfigurationList = F03992831FB3BB1800A76CB7 /* Build configuration list for PBXNativeTarget "Token" */;
			buildPhases = (
				F039926A1FB3BB1700A76CB7 /* Sources */,
				F039926B1FB3BB1700A76CB7 /* Frameworks */,
				F039926C1FB3BB1700A76CB7 /* Headers */,
				F039926D1FB3BB1700A76CB7 /* Resources */,
			);
			buildRules = (
			);
			dependencies = (
			);
			name = Token;
			productName = Token;
			productReference = F039926F1FB3BB1700A76CB7 /* Token.framework */;
			productType = "com.apple.product-type.framework";
		};
		F03992771FB3BB1800A76CB7 /* TokenTests */ = {
			isa = PBXNativeTarget;
			buildConfigurationList = F03992861FB3BB1800A76CB7 /* Build configuration list for PBXNativeTarget "TokenTests" */;
			buildPhases = (
				F03992741FB3BB1800A76CB7 /* Sources */,
				F03992751FB3BB1800A76CB7 /* Frameworks */,
				F03992761FB3BB1800A76CB7 /* Resources */,
			);
			buildRules = (
			);
			dependencies = (
				F039927B1FB3BB1800A76CB7 /* PBXTargetDependency */,
			);
			name = TokenTests;
			productName = TokenTests;
			productReference = F03992781FB3BB1800A76CB7 /* TokenTests.xctest */;
			productType = "com.apple.product-type.bundle.unit-test";
		};
		F039928D1FB3BB4700A76CB7 /* TokenMobile */ = {
			isa = PBXNativeTarget;
			buildConfigurationList = F039929F1FB3BB4700A76CB7 /* Build configuration list for PBXNativeTarget "TokenMobile" */;
			buildPhases = (
				F03992891FB3BB4700A76CB7 /* Sources */,
				F039928A1FB3BB4700A76CB7 /* Frameworks */,
				F039928B1FB3BB4700A76CB7 /* Headers */,
				F039928C1FB3BB4700A76CB7 /* Resources */,
			);
			buildRules = (
			);
			dependencies = (
			);
			name = TokenMobile;
			productName = TokenMobile;
			productReference = F039928E1FB3BB4700A76CB7 /* Token.framework */;
			productType = "com.apple.product-type.framework";
		};
		F03992951FB3BB4700A76CB7 /* TokenMobileTests */ = {
			isa = PBXNativeTarget;
			buildConfigurationList = F03992A21FB3BB4700A76CB7 /* Build configuration list for PBXNativeTarget "TokenMobileTests" */;
			buildPhases = (
				F03992921FB3BB4700A76CB7 /* Sources */,
				F03992931FB3BB4700A76CB7 /* Frameworks */,
				F03992941FB3BB4700A76CB7 /* Resources */,
			);
			buildRules = (
			);
			dependencies = (
				F03992991FB3BB4700A76CB7 /* PBXTargetDependency */,
			);
			name = TokenMobileTests;
			productName = TokenMobileTests;
			productReference = F03992961FB3BB4700A76CB7 /* TokenMobileTests.xctest */;
			productType = "com.apple.product-type.bundle.unit-test";
		};
/* End PBXNativeTarget section */

/* Begin PBXProject section */
		F03992661FB3BB1700A76CB7 /* Project object */ = {
			isa = PBXProject;
			attributes = {
				LastSwiftUpdateCheck = 0940;
				LastUpgradeCheck = 0930;
				ORGANIZATIONNAME = "Aaron Wright";
				TargetAttributes = {
					F01EA0FA2101CA0F0040FA96 = {
						CreatedOnToolsVersion = 9.4.1;
						LastSwiftMigration = 1020;
						ProvisioningStyle = Automatic;
					};
					F01EA1022101CA100040FA96 = {
						CreatedOnToolsVersion = 9.4.1;
						LastSwiftMigration = 1020;
						ProvisioningStyle = Automatic;
					};
					F039926E1FB3BB1700A76CB7 = {
						CreatedOnToolsVersion = 9.1;
						LastSwiftMigration = 1020;
						ProvisioningStyle = Automatic;
					};
					F03992771FB3BB1800A76CB7 = {
						CreatedOnToolsVersion = 9.1;
						LastSwiftMigration = 1020;
						ProvisioningStyle = Automatic;
					};
					F039928D1FB3BB4700A76CB7 = {
						CreatedOnToolsVersion = 9.1;
						LastSwiftMigration = 1020;
						ProvisioningStyle = Automatic;
					};
					F03992951FB3BB4700A76CB7 = {
						CreatedOnToolsVersion = 9.1;
						LastSwiftMigration = 1020;
						ProvisioningStyle = Automatic;
					};
				};
			};
			buildConfigurationList = F03992691FB3BB1700A76CB7 /* Build configuration list for PBXProject "Token" */;
			compatibilityVersion = "Xcode 8.0";
			developmentRegion = en;
			hasScannedForEncodings = 0;
			knownRegions = (
				en,
				Base,
			);
			mainGroup = F03992651FB3BB1700A76CB7;
			productRefGroup = F03992701FB3BB1700A76CB7 /* Products */;
			projectDirPath = "";
			projectRoot = "";
			targets = (
				F039926E1FB3BB1700A76CB7 /* Token */,
				F03992771FB3BB1800A76CB7 /* TokenTests */,
				F039928D1FB3BB4700A76CB7 /* TokenMobile */,
				F03992951FB3BB4700A76CB7 /* TokenMobileTests */,
				F01EA0FA2101CA0F0040FA96 /* TokenTV */,
				F01EA1022101CA100040FA96 /* TokenTVTests */,
			);
		};
/* End PBXProject section */

/* Begin PBXResourcesBuildPhase section */
		F01EA0F92101CA0F0040FA96 /* Resources */ = {
			isa = PBXResourcesBuildPhase;
			buildActionMask = 2147483647;
			files = (
			);
			runOnlyForDeploymentPostprocessing = 0;
		};
		F01EA1012101CA100040FA96 /* Resources */ = {
			isa = PBXResourcesBuildPhase;
			buildActionMask = 2147483647;
			files = (
			);
			runOnlyForDeploymentPostprocessing = 0;
		};
		F039926D1FB3BB1700A76CB7 /* Resources */ = {
			isa = PBXResourcesBuildPhase;
			buildActionMask = 2147483647;
			files = (
			);
			runOnlyForDeploymentPostprocessing = 0;
		};
		F03992761FB3BB1800A76CB7 /* Resources */ = {
			isa = PBXResourcesBuildPhase;
			buildActionMask = 2147483647;
			files = (
			);
			runOnlyForDeploymentPostprocessing = 0;
		};
		F039928C1FB3BB4700A76CB7 /* Resources */ = {
			isa = PBXResourcesBuildPhase;
			buildActionMask = 2147483647;
			files = (
			);
			runOnlyForDeploymentPostprocessing = 0;
		};
		F03992941FB3BB4700A76CB7 /* Resources */ = {
			isa = PBXResourcesBuildPhase;
			buildActionMask = 2147483647;
			files = (
			);
			runOnlyForDeploymentPostprocessing = 0;
		};
/* End PBXResourcesBuildPhase section */

/* Begin PBXSourcesBuildPhase section */
		F01EA0F62101CA0F0040FA96 /* Sources */ = {
			isa = PBXSourcesBuildPhase;
			buildActionMask = 2147483647;
			files = (
				F01EA1322101CA5E0040FA96 /* Array+Cacheable.swift in Sources */,
				F01EA1312101CA5E0040FA96 /* Array+Appending.swift in Sources */,
				F01EA1262101CA530040FA96 /* Middleware.swift in Sources */,
				F01EA12E2101CA590040FA96 /* CacheReducer.swift in Sources */,
				F01EA1242101CA530040FA96 /* ActionCreator.swift in Sources */,
				F01EA1272101CA530040FA96 /* Reducer.swift in Sources */,
				F01EA12F2101CA5E0040FA96 /* State+Mutated.swift in Sources */,
				F01EA1292101CA530040FA96 /* Store.swift in Sources */,
				F01EA12C2101CA590040FA96 /* Cache.swift in Sources */,
				F01EA12B2101CA530040FA96 /* Cacheable.swift in Sources */,
				F01EA1302101CA5E0040FA96 /* IndexSet+Inserting.swift in Sources */,
				F01EA1222101CA4E0040FA96 /* Token.swift in Sources */,
				F01EA1252101CA530040FA96 /* ArrayReducer.swift in Sources */,
				F01EA12A2101CA530040FA96 /* Subscriber.swift in Sources */,
				F01EA1282101CA530040FA96 /* State.swift in Sources */,
				F01EA12D2101CA590040FA96 /* CacheAction.swift in Sources */,
				F01EA1232101CA530040FA96 /* Action.swift in Sources */,
			);
			runOnlyForDeploymentPostprocessing = 0;
		};
		F01EA0FF2101CA100040FA96 /* Sources */ = {
			isa = PBXSourcesBuildPhase;
			buildActionMask = 2147483647;
			files = (
				F01EA11D2101CA420040FA96 /* TestAction.swift in Sources */,
				F01EA1212101CA420040FA96 /* TestActionCreator.swift in Sources */,
				F0DE1E1021D1825F001D1FB5 /* TestError.swift in Sources */,
				F01EA1192101CA3C0040FA96 /* ArrayAppendingTests.swift in Sources */,
				F01EA1182101CA3C0040FA96 /* StateMutatedTests.swift in Sources */,
				F01EA1152101CA360040FA96 /* CacheActionTests.swift in Sources */,
				F01EA1142101CA360040FA96 /* CacheTests.swift in Sources */,
				F01EA1132101CA320040FA96 /* TokenTests.swift in Sources */,
				F01EA1162101CA360040FA96 /* CacheReducerTests.swift in Sources */,
				F0F4DDC021D8208000F800A5 /* TestSubscriberWithoutOnChange.swift in Sources */,
				F01EA11E2101CA420040FA96 /* TestSubscriber.swift in Sources */,
				F01EA11C2101CA420040FA96 /* TestReducer.swift in Sources */,
				F01EA1202101CA420040FA96 /* TestMiddlewareActionChange.swift in Sources */,
				F01EA11A2101CA3C0040FA96 /* ArrayCacheableTests.swift in Sources */,
				F01EA11B2101CA420040FA96 /* TestState.swift in Sources */,
				F01EA1172101CA3C0040FA96 /* IndexSetInsertingTests.swift in Sources */,
				F0DE1E0C21D1727E001D1FB5 /* TestWidget.swift in Sources */,
			);
			runOnlyForDeploymentPostprocessing = 0;
		};
		F039926A1FB3BB1700A76CB7 /* Sources */ = {
			isa = PBXSourcesBuildPhase;
			buildActionMask = 2147483647;
			files = (
				F022EAD71FF35EA800EBB153 /* ArrayReducer.swift in Sources */,
				F0A3DE90208883AE00061A5E /* Cache.swift in Sources */,
				F03992B91FB3BE7900A76CB7 /* Middleware.swift in Sources */,
				F03992B31FB3BD8500A76CB7 /* State.swift in Sources */,
				F0A3DE93208883D300061A5E /* Cacheable.swift in Sources */,
				F03992B61FB3BDC700A76CB7 /* Action.swift in Sources */,
				F0A3DE8E208883AE00061A5E /* Array+Appending.swift in Sources */,
				F0A3DE962088855500061A5E /* IndexSet+Inserting.swift in Sources */,
				F0A3DE8C208883AE00061A5E /* State+Mutated.swift in Sources */,
				F03992BC1FB3BF7100A76CB7 /* Subscriber.swift in Sources */,
				F0A3DE88208883AE00061A5E /* Array+Cacheable.swift in Sources */,
				F03992C21FB3C0E200A76CB7 /* ActionCreator.swift in Sources */,
				F0A3DE84208883AE00061A5E /* CacheReducer.swift in Sources */,
				F03992B01FB3BD6900A76CB7 /* Reducer.swift in Sources */,
				F03992AD1FB3BD3300A76CB7 /* Store.swift in Sources */,
				F011743C1FB3F9A000310E98 /* Token.swift in Sources */,
				F0A3DE86208883AE00061A5E /* CacheAction.swift in Sources */,
			);
			runOnlyForDeploymentPostprocessing = 0;
		};
		F03992741FB3BB1800A76CB7 /* Sources */ = {
			isa = PBXSourcesBuildPhase;
			buildActionMask = 2147483647;
			files = (
				F0A3DEAA208888BC00061A5E /* ArrayAppendingTests.swift in Sources */,
				F0A3DEA12088889C00061A5E /* CacheTests.swift in Sources */,
				F015F3A91FB4E53A00E4DE00 /* TestActionCreator.swift in Sources */,
				F0DE1E0E21D1825F001D1FB5 /* TestError.swift in Sources */,
				F01174491FB4118400310E98 /* TestReducer.swift in Sources */,
				F0A3DE9E208887A500061A5E /* StateMutatedTests.swift in Sources */,
				F011744C1FB4123300310E98 /* TestAction.swift in Sources */,
				F0A3DEAD208888C800061A5E /* ArrayCacheableTests.swift in Sources */,
				F011744F1FB4126C00310E98 /* TestSubscriber.swift in Sources */,
				F0F4DDBE21D8208000F800A5 /* TestSubscriberWithoutOnChange.swift in Sources */,
				F0A3DEA4208888A600061A5E /* CacheActionTests.swift in Sources */,
				F0A3DEA7208888B000061A5E /* CacheReducerTests.swift in Sources */,
				F0A3DE9C208887A500061A5E /* IndexSetInsertingTests.swift in Sources */,
				F015F3A61FB4E44100E4DE00 /* TestMiddlewareActionChange.swift in Sources */,
				F01174421FB410F600310E98 /* TokenTests.swift in Sources */,
				F01174461FB4115B00310E98 /* TestState.swift in Sources */,
				F0DE1E0A21D1727E001D1FB5 /* TestWidget.swift in Sources */,
			);
			runOnlyForDeploymentPostprocessing = 0;
		};
		F03992891FB3BB4700A76CB7 /* Sources */ = {
			isa = PBXSourcesBuildPhase;
			buildActionMask = 2147483647;
			files = (
				F022EAD81FF35EA800EBB153 /* ArrayReducer.swift in Sources */,
				F0A3DE91208883AE00061A5E /* Cache.swift in Sources */,
				F03992BA1FB3BE7900A76CB7 /* Middleware.swift in Sources */,
				F03992B41FB3BD8500A76CB7 /* State.swift in Sources */,
				F0A3DE94208883D300061A5E /* Cacheable.swift in Sources */,
				F03992B71FB3BDC700A76CB7 /* Action.swift in Sources */,
				F0A3DE8F208883AE00061A5E /* Array+Appending.swift in Sources */,
				F0A3DE972088855500061A5E /* IndexSet+Inserting.swift in Sources */,
				F0A3DE8D208883AE00061A5E /* State+Mutated.swift in Sources */,
				F03992BD1FB3BF7100A76CB7 /* Subscriber.swift in Sources */,
				F0A3DE89208883AE00061A5E /* Array+Cacheable.swift in Sources */,
				F03992C31FB3C0E200A76CB7 /* ActionCreator.swift in Sources */,
				F0A3DE85208883AE00061A5E /* CacheReducer.swift in Sources */,
				F03992B11FB3BD6900A76CB7 /* Reducer.swift in Sources */,
				F03992AE1FB3BD3300A76CB7 /* Store.swift in Sources */,
				F011743D1FB3F9A000310E98 /* Token.swift in Sources */,
				F0A3DE87208883AE00061A5E /* CacheAction.swift in Sources */,
			);
			runOnlyForDeploymentPostprocessing = 0;
		};
		F03992921FB3BB4700A76CB7 /* Sources */ = {
			isa = PBXSourcesBuildPhase;
			buildActionMask = 2147483647;
			files = (
				F0A3DEAB208888BC00061A5E /* ArrayAppendingTests.swift in Sources */,
				F0A3DEA22088889C00061A5E /* CacheTests.swift in Sources */,
				F015F3AA1FB4E53A00E4DE00 /* TestActionCreator.swift in Sources */,
				F0DE1E0F21D1825F001D1FB5 /* TestError.swift in Sources */,
				F011744A1FB4118400310E98 /* TestReducer.swift in Sources */,
				F0A3DE9F208887A500061A5E /* StateMutatedTests.swift in Sources */,
				F011744D1FB4123300310E98 /* TestAction.swift in Sources */,
				F0A3DEAE208888C800061A5E /* ArrayCacheableTests.swift in Sources */,
				F01174501FB4126C00310E98 /* TestSubscriber.swift in Sources */,
				F0F4DDBF21D8208000F800A5 /* TestSubscriberWithoutOnChange.swift in Sources */,
				F0A3DEA5208888A600061A5E /* CacheActionTests.swift in Sources */,
				F0A3DEA8208888B000061A5E /* CacheReducerTests.swift in Sources */,
				F0A3DE9D208887A500061A5E /* IndexSetInsertingTests.swift in Sources */,
				F015F3A71FB4E44100E4DE00 /* TestMiddlewareActionChange.swift in Sources */,
				F01174431FB410FC00310E98 /* TokenTests.swift in Sources */,
				F01174471FB4115B00310E98 /* TestState.swift in Sources */,
				F0DE1E0B21D1727E001D1FB5 /* TestWidget.swift in Sources */,
			);
			runOnlyForDeploymentPostprocessing = 0;
		};
/* End PBXSourcesBuildPhase section */

/* Begin PBXTargetDependency section */
		F01EA1062101CA100040FA96 /* PBXTargetDependency */ = {
			isa = PBXTargetDependency;
			target = F01EA0FA2101CA0F0040FA96 /* TokenTV */;
			targetProxy = F01EA1052101CA100040FA96 /* PBXContainerItemProxy */;
		};
		F039927B1FB3BB1800A76CB7 /* PBXTargetDependency */ = {
			isa = PBXTargetDependency;
			target = F039926E1FB3BB1700A76CB7 /* Token */;
			targetProxy = F039927A1FB3BB1800A76CB7 /* PBXContainerItemProxy */;
		};
		F03992991FB3BB4700A76CB7 /* PBXTargetDependency */ = {
			isa = PBXTargetDependency;
			target = F039928D1FB3BB4700A76CB7 /* TokenMobile */;
			targetProxy = F03992981FB3BB4700A76CB7 /* PBXContainerItemProxy */;
		};
/* End PBXTargetDependency section */

/* Begin XCBuildConfiguration section */
		F01EA10C2101CA100040FA96 /* Debug */ = {
			isa = XCBuildConfiguration;
			buildSettings = {
				CLANG_ENABLE_OBJC_WEAK = YES;
				CODE_SIGN_IDENTITY = "";
				CODE_SIGN_STYLE = Automatic;
				DEFINES_MODULE = YES;
				DEVELOPMENT_TEAM = 6J8NCZC8G6;
				DYLIB_COMPATIBILITY_VERSION = 1;
				DYLIB_CURRENT_VERSION = 1;
				DYLIB_INSTALL_NAME_BASE = "@rpath";
				INFOPLIST_FILE = TokenTV/Info.plist;
				INSTALL_PATH = "$(LOCAL_LIBRARY_DIR)/Frameworks";
				LD_RUNPATH_SEARCH_PATHS = "$(inherited) @executable_path/Frameworks @loader_path/Frameworks";
				PRODUCT_BUNDLE_IDENTIFIER = com.infinitetoken.TokenTV;
				PRODUCT_NAME = Token;
				SDKROOT = appletvos;
				SKIP_INSTALL = YES;
				SWIFT_VERSION = 5.0;
				TARGETED_DEVICE_FAMILY = 3;
				TVOS_DEPLOYMENT_TARGET = 12.1;
			};
			name = Debug;
		};
		F01EA10D2101CA100040FA96 /* Release */ = {
			isa = XCBuildConfiguration;
			buildSettings = {
				CLANG_ENABLE_OBJC_WEAK = YES;
				CODE_SIGN_IDENTITY = "";
				CODE_SIGN_STYLE = Automatic;
				DEFINES_MODULE = YES;
				DEVELOPMENT_TEAM = 6J8NCZC8G6;
				DYLIB_COMPATIBILITY_VERSION = 1;
				DYLIB_CURRENT_VERSION = 1;
				DYLIB_INSTALL_NAME_BASE = "@rpath";
				INFOPLIST_FILE = TokenTV/Info.plist;
				INSTALL_PATH = "$(LOCAL_LIBRARY_DIR)/Frameworks";
				LD_RUNPATH_SEARCH_PATHS = "$(inherited) @executable_path/Frameworks @loader_path/Frameworks";
				PRODUCT_BUNDLE_IDENTIFIER = com.infinitetoken.TokenTV;
				PRODUCT_NAME = Token;
				SDKROOT = appletvos;
				SKIP_INSTALL = YES;
				SWIFT_VERSION = 5.0;
				TARGETED_DEVICE_FAMILY = 3;
				TVOS_DEPLOYMENT_TARGET = 12.1;
				VALIDATE_PRODUCT = YES;
			};
			name = Release;
		};
		F01EA10E2101CA100040FA96 /* Debug */ = {
			isa = XCBuildConfiguration;
			buildSettings = {
				ALWAYS_EMBED_SWIFT_STANDARD_LIBRARIES = YES;
				CLANG_ENABLE_OBJC_WEAK = YES;
				CODE_SIGN_IDENTITY = "iPhone Developer";
				CODE_SIGN_STYLE = Automatic;
				DEVELOPMENT_TEAM = 6J8NCZC8G6;
				INFOPLIST_FILE = TokenTVTests/Info.plist;
				LD_RUNPATH_SEARCH_PATHS = "$(inherited) @executable_path/Frameworks @loader_path/Frameworks";
				PRODUCT_BUNDLE_IDENTIFIER = com.infinitetoken.TokenTVTests;
				PRODUCT_NAME = "$(TARGET_NAME)";
				PROVISIONING_PROFILE_SPECIFIER = "";
				SDKROOT = appletvos;
				SWIFT_VERSION = 5.0;
				TARGETED_DEVICE_FAMILY = 3;
			};
			name = Debug;
		};
		F01EA10F2101CA100040FA96 /* Release */ = {
			isa = XCBuildConfiguration;
			buildSettings = {
				ALWAYS_EMBED_SWIFT_STANDARD_LIBRARIES = YES;
				CLANG_ENABLE_OBJC_WEAK = YES;
				CODE_SIGN_IDENTITY = "iPhone Developer";
				CODE_SIGN_STYLE = Automatic;
				DEVELOPMENT_TEAM = 6J8NCZC8G6;
				INFOPLIST_FILE = TokenTVTests/Info.plist;
				LD_RUNPATH_SEARCH_PATHS = "$(inherited) @executable_path/Frameworks @loader_path/Frameworks";
				PRODUCT_BUNDLE_IDENTIFIER = com.infinitetoken.TokenTVTests;
				PRODUCT_NAME = "$(TARGET_NAME)";
				PROVISIONING_PROFILE_SPECIFIER = "";
				SDKROOT = appletvos;
				SWIFT_VERSION = 5.0;
				TARGETED_DEVICE_FAMILY = 3;
				VALIDATE_PRODUCT = YES;
			};
			name = Release;
		};
		F03992811FB3BB1800A76CB7 /* Debug */ = {
			isa = XCBuildConfiguration;
			buildSettings = {
				ALWAYS_SEARCH_USER_PATHS = NO;
				CLANG_ANALYZER_NONNULL = YES;
				CLANG_ANALYZER_NUMBER_OBJECT_CONVERSION = YES_AGGRESSIVE;
				CLANG_CXX_LANGUAGE_STANDARD = "gnu++14";
				CLANG_CXX_LIBRARY = "libc++";
				CLANG_ENABLE_MODULES = YES;
				CLANG_ENABLE_OBJC_ARC = YES;
				CLANG_WARN_BLOCK_CAPTURE_AUTORELEASING = YES;
				CLANG_WARN_BOOL_CONVERSION = YES;
				CLANG_WARN_COMMA = YES;
				CLANG_WARN_CONSTANT_CONVERSION = YES;
				CLANG_WARN_DEPRECATED_OBJC_IMPLEMENTATIONS = YES;
				CLANG_WARN_DIRECT_OBJC_ISA_USAGE = YES_ERROR;
				CLANG_WARN_DOCUMENTATION_COMMENTS = YES;
				CLANG_WARN_EMPTY_BODY = YES;
				CLANG_WARN_ENUM_CONVERSION = YES;
				CLANG_WARN_INFINITE_RECURSION = YES;
				CLANG_WARN_INT_CONVERSION = YES;
				CLANG_WARN_NON_LITERAL_NULL_CONVERSION = YES;
				CLANG_WARN_OBJC_IMPLICIT_RETAIN_SELF = YES;
				CLANG_WARN_OBJC_LITERAL_CONVERSION = YES;
				CLANG_WARN_OBJC_ROOT_CLASS = YES_ERROR;
				CLANG_WARN_RANGE_LOOP_ANALYSIS = YES;
				CLANG_WARN_STRICT_PROTOTYPES = YES;
				CLANG_WARN_SUSPICIOUS_MOVE = YES;
				CLANG_WARN_UNGUARDED_AVAILABILITY = YES_AGGRESSIVE;
				CLANG_WARN_UNREACHABLE_CODE = YES;
				CLANG_WARN__DUPLICATE_METHOD_MATCH = YES;
				CODE_SIGN_IDENTITY = "Mac Developer";
				COPY_PHASE_STRIP = NO;
				CURRENT_PROJECT_VERSION = 1;
				DEBUG_INFORMATION_FORMAT = dwarf;
				ENABLE_STRICT_OBJC_MSGSEND = YES;
				ENABLE_TESTABILITY = YES;
				GCC_C_LANGUAGE_STANDARD = gnu11;
				GCC_DYNAMIC_NO_PIC = NO;
				GCC_NO_COMMON_BLOCKS = YES;
				GCC_OPTIMIZATION_LEVEL = 0;
				GCC_PREPROCESSOR_DEFINITIONS = (
					"DEBUG=1",
					"$(inherited)",
				);
				GCC_WARN_64_TO_32_BIT_CONVERSION = YES;
				GCC_WARN_ABOUT_RETURN_TYPE = YES_ERROR;
				GCC_WARN_UNDECLARED_SELECTOR = YES;
				GCC_WARN_UNINITIALIZED_AUTOS = YES_AGGRESSIVE;
				GCC_WARN_UNUSED_FUNCTION = YES;
				GCC_WARN_UNUSED_VARIABLE = YES;
				MACOSX_DEPLOYMENT_TARGET = 10.14;
				MTL_ENABLE_DEBUG_INFO = YES;
				ONLY_ACTIVE_ARCH = YES;
				SDKROOT = macosx;
				SWIFT_ACTIVE_COMPILATION_CONDITIONS = DEBUG;
				SWIFT_OPTIMIZATION_LEVEL = "-Onone";
				VERSIONING_SYSTEM = "apple-generic";
				VERSION_INFO_PREFIX = "";
			};
			name = Debug;
		};
		F03992821FB3BB1800A76CB7 /* Release */ = {
			isa = XCBuildConfiguration;
			buildSettings = {
				ALWAYS_SEARCH_USER_PATHS = NO;
				CLANG_ANALYZER_NONNULL = YES;
				CLANG_ANALYZER_NUMBER_OBJECT_CONVERSION = YES_AGGRESSIVE;
				CLANG_CXX_LANGUAGE_STANDARD = "gnu++14";
				CLANG_CXX_LIBRARY = "libc++";
				CLANG_ENABLE_MODULES = YES;
				CLANG_ENABLE_OBJC_ARC = YES;
				CLANG_WARN_BLOCK_CAPTURE_AUTORELEASING = YES;
				CLANG_WARN_BOOL_CONVERSION = YES;
				CLANG_WARN_COMMA = YES;
				CLANG_WARN_CONSTANT_CONVERSION = YES;
				CLANG_WARN_DEPRECATED_OBJC_IMPLEMENTATIONS = YES;
				CLANG_WARN_DIRECT_OBJC_ISA_USAGE = YES_ERROR;
				CLANG_WARN_DOCUMENTATION_COMMENTS = YES;
				CLANG_WARN_EMPTY_BODY = YES;
				CLANG_WARN_ENUM_CONVERSION = YES;
				CLANG_WARN_INFINITE_RECURSION = YES;
				CLANG_WARN_INT_CONVERSION = YES;
				CLANG_WARN_NON_LITERAL_NULL_CONVERSION = YES;
				CLANG_WARN_OBJC_IMPLICIT_RETAIN_SELF = YES;
				CLANG_WARN_OBJC_LITERAL_CONVERSION = YES;
				CLANG_WARN_OBJC_ROOT_CLASS = YES_ERROR;
				CLANG_WARN_RANGE_LOOP_ANALYSIS = YES;
				CLANG_WARN_STRICT_PROTOTYPES = YES;
				CLANG_WARN_SUSPICIOUS_MOVE = YES;
				CLANG_WARN_UNGUARDED_AVAILABILITY = YES_AGGRESSIVE;
				CLANG_WARN_UNREACHABLE_CODE = YES;
				CLANG_WARN__DUPLICATE_METHOD_MATCH = YES;
				CODE_SIGN_IDENTITY = "Mac Developer";
				COPY_PHASE_STRIP = NO;
				CURRENT_PROJECT_VERSION = 1;
				DEBUG_INFORMATION_FORMAT = "dwarf-with-dsym";
				ENABLE_NS_ASSERTIONS = NO;
				ENABLE_STRICT_OBJC_MSGSEND = YES;
				GCC_C_LANGUAGE_STANDARD = gnu11;
				GCC_NO_COMMON_BLOCKS = YES;
				GCC_WARN_64_TO_32_BIT_CONVERSION = YES;
				GCC_WARN_ABOUT_RETURN_TYPE = YES_ERROR;
				GCC_WARN_UNDECLARED_SELECTOR = YES;
				GCC_WARN_UNINITIALIZED_AUTOS = YES_AGGRESSIVE;
				GCC_WARN_UNUSED_FUNCTION = YES;
				GCC_WARN_UNUSED_VARIABLE = YES;
				MACOSX_DEPLOYMENT_TARGET = 10.14;
				MTL_ENABLE_DEBUG_INFO = NO;
				SDKROOT = macosx;
				SWIFT_OPTIMIZATION_LEVEL = "-Owholemodule";
				VERSIONING_SYSTEM = "apple-generic";
				VERSION_INFO_PREFIX = "";
			};
			name = Release;
		};
		F03992841FB3BB1800A76CB7 /* Debug */ = {
			isa = XCBuildConfiguration;
			buildSettings = {
				CLANG_ENABLE_MODULES = YES;
				CODE_SIGN_IDENTITY = "";
				CODE_SIGN_STYLE = Automatic;
				COMBINE_HIDPI_IMAGES = YES;
				DEFINES_MODULE = YES;
				DEVELOPMENT_TEAM = 6J8NCZC8G6;
				DYLIB_COMPATIBILITY_VERSION = 1;
				DYLIB_CURRENT_VERSION = 1;
				DYLIB_INSTALL_NAME_BASE = "@rpath";
				FRAMEWORK_VERSION = A;
				INFOPLIST_FILE = Token/Info.plist;
				INSTALL_PATH = "$(LOCAL_LIBRARY_DIR)/Frameworks";
				LD_RUNPATH_SEARCH_PATHS = "$(inherited) @executable_path/../Frameworks @loader_path/Frameworks";
				MACOSX_DEPLOYMENT_TARGET = 10.13;
				PRODUCT_BUNDLE_IDENTIFIER = com.infinitetoken.Token;
				PRODUCT_NAME = "$(TARGET_NAME:c99extidentifier)";
				SKIP_INSTALL = YES;
				SWIFT_OPTIMIZATION_LEVEL = "-Onone";
				SWIFT_VERSION = 5.0;
			};
			name = Debug;
		};
		F03992851FB3BB1800A76CB7 /* Release */ = {
			isa = XCBuildConfiguration;
			buildSettings = {
				CLANG_ENABLE_MODULES = YES;
				CODE_SIGN_IDENTITY = "";
				CODE_SIGN_STYLE = Automatic;
				COMBINE_HIDPI_IMAGES = YES;
				DEFINES_MODULE = YES;
				DEVELOPMENT_TEAM = 6J8NCZC8G6;
				DYLIB_COMPATIBILITY_VERSION = 1;
				DYLIB_CURRENT_VERSION = 1;
				DYLIB_INSTALL_NAME_BASE = "@rpath";
				FRAMEWORK_VERSION = A;
				INFOPLIST_FILE = Token/Info.plist;
				INSTALL_PATH = "$(LOCAL_LIBRARY_DIR)/Frameworks";
				LD_RUNPATH_SEARCH_PATHS = "$(inherited) @executable_path/../Frameworks @loader_path/Frameworks";
				MACOSX_DEPLOYMENT_TARGET = 10.13;
				PRODUCT_BUNDLE_IDENTIFIER = com.infinitetoken.Token;
				PRODUCT_NAME = "$(TARGET_NAME:c99extidentifier)";
				SKIP_INSTALL = YES;
				SWIFT_VERSION = 5.0;
			};
			name = Release;
		};
		F03992871FB3BB1800A76CB7 /* Debug */ = {
			isa = XCBuildConfiguration;
			buildSettings = {
				ALWAYS_EMBED_SWIFT_STANDARD_LIBRARIES = YES;
				CLANG_ENABLE_MODULES = YES;
				CODE_SIGN_STYLE = Automatic;
				COMBINE_HIDPI_IMAGES = YES;
				DEVELOPMENT_TEAM = 6J8NCZC8G6;
				INFOPLIST_FILE = TokenTests/Info.plist;
				LD_RUNPATH_SEARCH_PATHS = "$(inherited) @executable_path/../Frameworks @loader_path/../Frameworks";
				PRODUCT_BUNDLE_IDENTIFIER = com.infinitetoken.TokenTests;
				PRODUCT_NAME = "$(TARGET_NAME)";
				SWIFT_OPTIMIZATION_LEVEL = "-Onone";
				SWIFT_VERSION = 5.0;
			};
			name = Debug;
		};
		F03992881FB3BB1800A76CB7 /* Release */ = {
			isa = XCBuildConfiguration;
			buildSettings = {
				ALWAYS_EMBED_SWIFT_STANDARD_LIBRARIES = YES;
				CLANG_ENABLE_MODULES = YES;
				CODE_SIGN_STYLE = Automatic;
				COMBINE_HIDPI_IMAGES = YES;
				DEVELOPMENT_TEAM = 6J8NCZC8G6;
				INFOPLIST_FILE = TokenTests/Info.plist;
				LD_RUNPATH_SEARCH_PATHS = "$(inherited) @executable_path/../Frameworks @loader_path/../Frameworks";
				PRODUCT_BUNDLE_IDENTIFIER = com.infinitetoken.TokenTests;
				PRODUCT_NAME = "$(TARGET_NAME)";
				SWIFT_VERSION = 5.0;
			};
			name = Release;
		};
		F03992A01FB3BB4700A76CB7 /* Debug */ = {
			isa = XCBuildConfiguration;
			buildSettings = {
				APPLICATION_EXTENSION_API_ONLY = NO;
				CLANG_ENABLE_MODULES = YES;
				CODE_SIGN_IDENTITY = "";
				CODE_SIGN_STYLE = Automatic;
				DEFINES_MODULE = YES;
				DEVELOPMENT_TEAM = 6J8NCZC8G6;
				DYLIB_COMPATIBILITY_VERSION = 1;
				DYLIB_CURRENT_VERSION = 1;
				DYLIB_INSTALL_NAME_BASE = "@rpath";
				INFOPLIST_FILE = TokenMobile/Info.plist;
				INSTALL_PATH = "$(LOCAL_LIBRARY_DIR)/Frameworks";
				IPHONEOS_DEPLOYMENT_TARGET = 12.2;
				LD_RUNPATH_SEARCH_PATHS = "$(inherited) @executable_path/Frameworks @loader_path/Frameworks";
				PRODUCT_BUNDLE_IDENTIFIER = com.infinitetoken.TokenMobile;
				PRODUCT_NAME = Token;
				SDKROOT = iphoneos;
				SKIP_INSTALL = YES;
				SWIFT_OPTIMIZATION_LEVEL = "-Onone";
				SWIFT_VERSION = 5.0;
				TARGETED_DEVICE_FAMILY = "1,2";
			};
			name = Debug;
		};
		F03992A11FB3BB4700A76CB7 /* Release */ = {
			isa = XCBuildConfiguration;
			buildSettings = {
				APPLICATION_EXTENSION_API_ONLY = NO;
				CLANG_ENABLE_MODULES = YES;
				CODE_SIGN_IDENTITY = "";
				CODE_SIGN_STYLE = Automatic;
				DEFINES_MODULE = YES;
				DEVELOPMENT_TEAM = 6J8NCZC8G6;
				DYLIB_COMPATIBILITY_VERSION = 1;
				DYLIB_CURRENT_VERSION = 1;
				DYLIB_INSTALL_NAME_BASE = "@rpath";
				INFOPLIST_FILE = TokenMobile/Info.plist;
				INSTALL_PATH = "$(LOCAL_LIBRARY_DIR)/Frameworks";
				IPHONEOS_DEPLOYMENT_TARGET = 12.2;
				LD_RUNPATH_SEARCH_PATHS = "$(inherited) @executable_path/Frameworks @loader_path/Frameworks";
				PRODUCT_BUNDLE_IDENTIFIER = com.infinitetoken.TokenMobile;
				PRODUCT_NAME = Token;
				SDKROOT = iphoneos;
				SKIP_INSTALL = YES;
				SWIFT_VERSION = 5.0;
				TARGETED_DEVICE_FAMILY = "1,2";
				VALIDATE_PRODUCT = YES;
			};
			name = Release;
		};
		F03992A31FB3BB4700A76CB7 /* Debug */ = {
			isa = XCBuildConfiguration;
			buildSettings = {
				ALWAYS_EMBED_SWIFT_STANDARD_LIBRARIES = YES;
				CODE_SIGN_IDENTITY = "iPhone Developer";
				CODE_SIGN_STYLE = Automatic;
				DEVELOPMENT_TEAM = 6J8NCZC8G6;
				INFOPLIST_FILE = TokenMobileTests/Info.plist;
				LD_RUNPATH_SEARCH_PATHS = "$(inherited) @executable_path/Frameworks @loader_path/Frameworks";
				PRODUCT_BUNDLE_IDENTIFIER = com.infinitetoken.TokenMobileTests;
				PRODUCT_NAME = "$(TARGET_NAME)";
				SDKROOT = iphoneos;
				SWIFT_VERSION = 5.0;
				TARGETED_DEVICE_FAMILY = "1,2";
			};
			name = Debug;
		};
		F03992A41FB3BB4700A76CB7 /* Release */ = {
			isa = XCBuildConfiguration;
			buildSettings = {
				ALWAYS_EMBED_SWIFT_STANDARD_LIBRARIES = YES;
				CODE_SIGN_IDENTITY = "iPhone Developer";
				CODE_SIGN_STYLE = Automatic;
				DEVELOPMENT_TEAM = 6J8NCZC8G6;
				INFOPLIST_FILE = TokenMobileTests/Info.plist;
				LD_RUNPATH_SEARCH_PATHS = "$(inherited) @executable_path/Frameworks @loader_path/Frameworks";
				PRODUCT_BUNDLE_IDENTIFIER = com.infinitetoken.TokenMobileTests;
				PRODUCT_NAME = "$(TARGET_NAME)";
				SDKROOT = iphoneos;
				SWIFT_VERSION = 5.0;
				TARGETED_DEVICE_FAMILY = "1,2";
				VALIDATE_PRODUCT = YES;
			};
			name = Release;
		};
/* End XCBuildConfiguration section */

/* Begin XCConfigurationList section */
		F01EA1102101CA100040FA96 /* Build configuration list for PBXNativeTarget "TokenTV" */ = {
			isa = XCConfigurationList;
			buildConfigurations = (
				F01EA10C2101CA100040FA96 /* Debug */,
				F01EA10D2101CA100040FA96 /* Release */,
			);
			defaultConfigurationIsVisible = 0;
			defaultConfigurationName = Release;
		};
		F01EA1112101CA100040FA96 /* Build configuration list for PBXNativeTarget "TokenTVTests" */ = {
			isa = XCConfigurationList;
			buildConfigurations = (
				F01EA10E2101CA100040FA96 /* Debug */,
				F01EA10F2101CA100040FA96 /* Release */,
			);
			defaultConfigurationIsVisible = 0;
			defaultConfigurationName = Release;
		};
		F03992691FB3BB1700A76CB7 /* Build configuration list for PBXProject "Token" */ = {
			isa = XCConfigurationList;
			buildConfigurations = (
				F03992811FB3BB1800A76CB7 /* Debug */,
				F03992821FB3BB1800A76CB7 /* Release */,
			);
			defaultConfigurationIsVisible = 0;
			defaultConfigurationName = Release;
		};
		F03992831FB3BB1800A76CB7 /* Build configuration list for PBXNativeTarget "Token" */ = {
			isa = XCConfigurationList;
			buildConfigurations = (
				F03992841FB3BB1800A76CB7 /* Debug */,
				F03992851FB3BB1800A76CB7 /* Release */,
			);
			defaultConfigurationIsVisible = 0;
			defaultConfigurationName = Release;
		};
		F03992861FB3BB1800A76CB7 /* Build configuration list for PBXNativeTarget "TokenTests" */ = {
			isa = XCConfigurationList;
			buildConfigurations = (
				F03992871FB3BB1800A76CB7 /* Debug */,
				F03992881FB3BB1800A76CB7 /* Release */,
			);
			defaultConfigurationIsVisible = 0;
			defaultConfigurationName = Release;
		};
		F039929F1FB3BB4700A76CB7 /* Build configuration list for PBXNativeTarget "TokenMobile" */ = {
			isa = XCConfigurationList;
			buildConfigurations = (
				F03992A01FB3BB4700A76CB7 /* Debug */,
				F03992A11FB3BB4700A76CB7 /* Release */,
			);
			defaultConfigurationIsVisible = 0;
			defaultConfigurationName = Release;
		};
		F03992A21FB3BB4700A76CB7 /* Build configuration list for PBXNativeTarget "TokenMobileTests" */ = {
			isa = XCConfigurationList;
			buildConfigurations = (
				F03992A31FB3BB4700A76CB7 /* Debug */,
				F03992A41FB3BB4700A76CB7 /* Release */,
			);
			defaultConfigurationIsVisible = 0;
			defaultConfigurationName = Release;
		};
/* End XCConfigurationList section */
	};
	rootObject = F03992661FB3BB1700A76CB7 /* Project object */;
}
